
Microsoft Visual Studio Solution File, Format Version 12.00
# Visual Studio Version 17
VisualStudioVersion = 17.0.31903.59
MinimumVisualStudioVersion = 10.0.40219.1
Project("{2150E333-8FDC-42A3-9474-1A3956D46DE8}") = "src", "src", "{827E0CD3-B72D-47B6-A68D-7590B98EB39B}"
EndProject
Project("{F2A71F9B-5D33-465A-A702-920D77279786}") = "Elmish.WPF", "src\Elmish.WPF\Elmish.WPF.fsproj", "{ED67A1EA-E467-4ABC-B627-8D8A184E20E9}"
EndProject
Project("{2150E333-8FDC-42A3-9474-1A3956D46DE8}") = "tests", "tests", "{0AB3BF05-4346-4AA6-1389-037BE0695223}"
EndProject
Project("{F2A71F9B-5D33-465A-A702-920D77279786}") = "Elmish.WPF.Benchmarks", "tests\Elmish.WPF.Benchmarks\Elmish.WPF.Benchmarks.fsproj", "{06B21109-54A2-47FD-B701-C5B572059F88}"
EndProject
Project("{F2A71F9B-5D33-465A-A702-920D77279786}") = "Elmish.WPF.Tests", "tests\Elmish.WPF.Tests\Elmish.WPF.Tests.fsproj", "{603D8145-0AD4-44BE-A730-678B9BE015E1}"
EndProject
Project("{2150E333-8FDC-42A3-9474-1A3956D46DE8}") = "Samples", "Samples", "{D1B4CF99-7947-DD6C-81D0-5B5B3989814C}"
EndProject
Project("{2150E333-8FDC-42A3-9474-1A3956D46DE8}") = "Dynamic", "Dynamic", "{D93CAD63-3252-5A7F-9C37-FCA27F08B606}"
EndProject
Project("{FAE04EC0-301F-11D3-BF4B-00C04F79EFBC}") = "Capabilities", "src\Samples\Dynamic\Capabilities\Capabilities.csproj", "{F905EB30-20A0-42F6-9035-98C27D1CCF81}"
EndProject
Project("{F2A71F9B-5D33-465A-A702-920D77279786}") = "Capabilities.Core", "src\Samples\Dynamic\Capabilities.Core\Capabilities.Core.fsproj", "{EBC55A44-EF7F-4D3E-8E94-8848C00C3059}"
EndProject
Project("{FAE04EC0-301F-11D3-BF4B-00C04F79EFBC}") = "EventBindingsAndBehaviors", "src\Samples\Dynamic\EventBindingsAndBehaviors\EventBindingsAndBehaviors.csproj", "{CE4B62D4-26FD-4C6A-B1C4-6871A057CE3F}"
EndProject
Project("{F2A71F9B-5D33-465A-A702-920D77279786}") = "EventBindingsAndBehaviors.Core", "src\Samples\Dynamic\EventBindingsAndBehaviors.Core\EventBindingsAndBehaviors.Core.fsproj", "{C1E54278-5FE4-4370-AA98-AB20F037AD6A}"
EndProject
Project("{FAE04EC0-301F-11D3-BF4B-00C04F79EFBC}") = "FileDialogs", "src\Samples\Dynamic\FileDialogs\FileDialogs.csproj", "{1982CF30-6D02-45F6-808A-C35A75623343}"
EndProject
Project("{F2A71F9B-5D33-465A-A702-920D77279786}") = "FileDialogs.Core", "src\Samples\Dynamic\FileDialogs.Core\FileDialogs.Core.fsproj", "{ABCDCFAB-666F-40FA-906F-AFC3916E25D3}"
EndProject
Project("{FAE04EC0-301F-11D3-BF4B-00C04F79EFBC}") = "FileDialogsCmdMsg", "src\Samples\Dynamic\FileDialogsCmdMsg\FileDialogsCmdMsg.csproj", "{69C45190-79DC-4F2F-B0D2-0FD84B77F8A9}"
EndProject
Project("{F2A71F9B-5D33-465A-A702-920D77279786}") = "FileDialogsCmdMsg.Core", "src\Samples\Dynamic\FileDialogsCmdMsg.Core\FileDialogsCmdMsg.Core.fsproj", "{FAD8476C-AE4E-4298-9F08-044ED3C0BA08}"
EndProject
Project("{FAE04EC0-301F-11D3-BF4B-00C04F79EFBC}") = "Multiselect", "src\Samples\Dynamic\Multiselect\Multiselect.csproj", "{02668954-D273-4140-9FD2-1BDE615A401E}"
EndProject
Project("{F2A71F9B-5D33-465A-A702-920D77279786}") = "Multiselect.Core", "src\Samples\Dynamic\Multiselect.Core\Multiselect.Core.fsproj", "{8565CE50-713C-4336-88AD-EAC732DC921A}"
EndProject
Project("{FAE04EC0-301F-11D3-BF4B-00C04F79EFBC}") = "NewWindow", "src\Samples\Dynamic\NewWindow\NewWindow.csproj", "{5D83CDEA-106C-4002-BCC9-1F2BBB63EBE5}"
EndProject
Project("{F2A71F9B-5D33-465A-A702-920D77279786}") = "NewWindow.Core", "src\Samples\Dynamic\NewWindow.Core\NewWindow.Core.fsproj", "{F884FA9A-2A79-48AB-938C-A34E8A8BCF3E}"
EndProject
Project("{FAE04EC0-301F-11D3-BF4B-00C04F79EFBC}") = "OneWaySeq", "src\Samples\Dynamic\OneWaySeq\OneWaySeq.csproj", "{239809C7-5679-4A85-AC76-254AB83C1DF0}"
EndProject
Project("{F2A71F9B-5D33-465A-A702-920D77279786}") = "OneWaySeq.Core", "src\Samples\Dynamic\OneWaySeq.Core\OneWaySeq.Core.fsproj", "{7B1997D7-7E82-4094-97FF-F267AB1E628E}"
EndProject
Project("{FAE04EC0-301F-11D3-BF4B-00C04F79EFBC}") = "SingleCounter", "src\Samples\Dynamic\SingleCounter\SingleCounter.csproj", "{464B25D1-BF6F-4F52-B8C1-2F783A4865AE}"
EndProject
Project("{F2A71F9B-5D33-465A-A702-920D77279786}") = "SingleCounter.Core", "src\Samples\Dynamic\SingleCounter.Core\SingleCounter.Core.fsproj", "{74BE5736-B441-4371-AB5B-F1C7A61341C2}"
EndProject
Project("{FAE04EC0-301F-11D3-BF4B-00C04F79EFBC}") = "Sticky", "src\Samples\Dynamic\Sticky\Sticky.csproj", "{54B7ACB9-F2CD-4B30-ABA6-191C37E336A0}"
EndProject
Project("{F2A71F9B-5D33-465A-A702-920D77279786}") = "Sticky.Core", "src\Samples\Dynamic\Sticky.Core\Sticky.Core.fsproj", "{F30FD499-8F88-4613-8B15-C06AA649881F}"
EndProject
Project("{FAE04EC0-301F-11D3-BF4B-00C04F79EFBC}") = "SubModel", "src\Samples\Dynamic\SubModel\SubModel.csproj", "{220CFDCE-5B3B-49C7-A340-C19B7C28BF79}"
EndProject
Project("{F2A71F9B-5D33-465A-A702-920D77279786}") = "SubModel.Core", "src\Samples\Dynamic\SubModel.Core\SubModel.Core.fsproj", "{D17190BB-8C0E-4CC3-8644-F0B120EDBD55}"
EndProject
Project("{FAE04EC0-301F-11D3-BF4B-00C04F79EFBC}") = "SubModelOpt", "src\Samples\Dynamic\SubModelOpt\SubModelOpt.csproj", "{6A489E6B-CD18-442D-A856-89DDE710B009}"
EndProject
Project("{F2A71F9B-5D33-465A-A702-920D77279786}") = "SubModelOpt.Core", "src\Samples\Dynamic\SubModelOpt.Core\SubModelOpt.Core.fsproj", "{E060A98E-50F0-45B0-AB5C-D33A90ADC1E6}"
EndProject
Project("{FAE04EC0-301F-11D3-BF4B-00C04F79EFBC}") = "SubModelSelectedItem", "src\Samples\Dynamic\SubModelSelectedItem\SubModelSelectedItem.csproj", "{86B65707-7652-4ED0-8B0A-6C4907E8FF86}"
EndProject
Project("{F2A71F9B-5D33-465A-A702-920D77279786}") = "SubModelSelectedItem.Core", "src\Samples\Dynamic\SubModelSelectedItem.Core\SubModelSelectedItem.Core.fsproj", "{686BA896-BD38-490A-88C1-A8D0B48D05E6}"
EndProject
Project("{FAE04EC0-301F-11D3-BF4B-00C04F79EFBC}") = "SubModelSeq", "src\Samples\Dynamic\SubModelSeq\SubModelSeq.csproj", "{A737F617-3916-4AC1-AEEE-69585FF89838}"
EndProject
Project("{F2A71F9B-5D33-465A-A702-920D77279786}") = "SubModelSeq.Core", "src\Samples\Dynamic\SubModelSeq.Core\SubModelSeq.Core.fsproj", "{A1B60C73-0FAC-43EF-93F9-4E6AD121F9D4}"
EndProject
Project("{FAE04EC0-301F-11D3-BF4B-00C04F79EFBC}") = "Threading", "src\Samples\Dynamic\Threading\Threading.csproj", "{335C2372-CB51-4569-B04D-CE8AFC8EC755}"
EndProject
Project("{F2A71F9B-5D33-465A-A702-920D77279786}") = "Threading.Core", "src\Samples\Dynamic\Threading.Core\Threading.Core.fsproj", "{59976F36-A8F0-425E-9620-FA78E68E145F}"
EndProject
Project("{FAE04EC0-301F-11D3-BF4B-00C04F79EFBC}") = "UiBoundCmdParam", "src\Samples\Dynamic\UiBoundCmdParam\UiBoundCmdParam.csproj", "{3D4E6246-667E-4243-B2F3-B9CE12743B8D}"
EndProject
Project("{F2A71F9B-5D33-465A-A702-920D77279786}") = "UiBoundCmdParam.Core", "src\Samples\Dynamic\UiBoundCmdParam.Core\UiBoundCmdParam.Core.fsproj", "{BBC09072-9D08-454F-90BF-FD754CD60B93}"
EndProject
Project("{FAE04EC0-301F-11D3-BF4B-00C04F79EFBC}") = "Validation", "src\Samples\Dynamic\Validation\Validation.csproj", "{43CF5F69-38A8-493E-960A-0877E248996F}"
EndProject
Project("{F2A71F9B-5D33-465A-A702-920D77279786}") = "Validation.Core", "src\Samples\Dynamic\Validation.Core\Validation.Core.fsproj", "{C7D0416E-9785-40A1-921D-C92A56A9848F}"
EndProject
Project("{2150E333-8FDC-42A3-9474-1A3956D46DE8}") = "Typed", "Typed", "{1740D47D-DA94-6415-017E-48203BA1C52C}"
EndProject
Project("{FAE04EC0-301F-11D3-BF4B-00C04F79EFBC}") = "SubModelStatic", "src\Samples\Typed\SubModelStatic\SubModelStatic.csproj", "{2A113076-21F0-4F11-A1CF-D0E4A1D14503}"
EndProject
Project("{F2A71F9B-5D33-465A-A702-920D77279786}") = "SubModelStatic.Core", "src\Samples\Typed\SubModelStatic.Core\SubModelStatic.Core.fsproj", "{A7BA896C-1D7E-4336-BE50-032BF8E62D81}"
EndProject
Project("{F2A71F9B-5D33-465A-A702-920D77279786}") = "SingleCounter.Core", "src\Samples\Typed\SingleCounter.Core\SingleCounter.Core.fsproj", "{F964D761-6542-4A3C-8ADC-41F5B8F77529}"
EndProject
Project("{FAE04EC0-301F-11D3-BF4B-00C04F79EFBC}") = "SingleCounter", "src\Samples\Typed\SingleCounter\SingleCounter.csproj", "{148B26DF-05B6-44D6-890D-8AFBFAD9F7D9}"
EndProject
Project("{F2A71F9B-5D33-465A-A702-920D77279786}") = "Validation.Core", "src\Samples\Typed\Validation.Core\Validation.Core.fsproj", "{6455B74A-6CB8-4DC3-9329-3D9CBB56173A}"
EndProject
Project("{FAE04EC0-301F-11D3-BF4B-00C04F79EFBC}") = "Validation", "src\Samples\Typed\Validation\Validation.csproj", "{84AF37C1-52A8-4F3F-8F2C-E7394E789523}"
EndProject
Project("{F2A71F9B-5D33-465A-A702-920D77279786}") = "SubModelSeq.Core", "src\Samples\Typed\SubModelSeq.Core\SubModelSeq.Core.fsproj", "{75110CC0-5A94-4491-BA7E-234ACC39106D}"
EndProject
Project("{FAE04EC0-301F-11D3-BF4B-00C04F79EFBC}") = "SubModelSeq", "src\Samples\Typed\SubModelSeq\SubModelSeq.csproj", "{8F1471D6-CEFA-4B4F-84C5-FB4B5CB035BD}"
EndProject
Project("{F2A71F9B-5D33-465A-A702-920D77279786}") = "SubModelOpt.Core", "src\Samples\Typed\SubModelOpt.Core\SubModelOpt.Core.fsproj", "{A57D4155-3F27-4BDA-900E-1A39B022BE00}"
EndProject
Project("{FAE04EC0-301F-11D3-BF4B-00C04F79EFBC}") = "SubModelOpt", "src\Samples\Typed\SubModelOpt\SubModelOpt.csproj", "{86E04393-86E7-4BBF-A9EF-9433B91E4988}"
EndProject
Project("{F2A71F9B-5D33-465A-A702-920D77279786}") = "Sticky.Core", "src\Samples\Typed\Sticky.Core\Sticky.Core.fsproj", "{B9C9B2A4-562B-45BB-BD91-CE5027F41C3F}"
EndProject
Project("{FAE04EC0-301F-11D3-BF4B-00C04F79EFBC}") = "Sticky", "src\Samples\Typed\Sticky\Sticky.csproj", "{435B3E59-C5B2-412A-86DC-795F1E52C223}"
EndProject
Project("{F2A71F9B-5D33-465A-A702-920D77279786}") = "OneWaySeq.Core", "src\Samples\Typed\OneWaySeq.Core\OneWaySeq.Core.fsproj", "{6E4E4453-36C8-42FC-9B8A-C8FEBCC6A643}"
EndProject
Project("{FAE04EC0-301F-11D3-BF4B-00C04F79EFBC}") = "OneWaySeq", "src\Samples\Typed\OneWaySeq\OneWaySeq.csproj", "{CAD2DE5B-A359-4E51-8138-A02FDCA8E2A6}"
EndProject
Project("{F2A71F9B-5D33-465A-A702-920D77279786}") = "UiBoundCmdParam.Core", "src\Samples\Typed\UiBoundCmdParam.Core\UiBoundCmdParam.Core.fsproj", "{A3D2D2D1-413E-4367-B1D5-0AEEB1551240}"
EndProject
Project("{FAE04EC0-301F-11D3-BF4B-00C04F79EFBC}") = "UiBoundCmdParam", "src\Samples\Typed\UiBoundCmdParam\UiBoundCmdParam.csproj", "{03FA4F94-962D-4324-B71E-D36E638D13D7}"
EndProject
Project("{F2A71F9B-5D33-465A-A702-920D77279786}") = "EventBindingsAndBehaviors.Core", "src\Samples\Typed\EventBindingsAndBehaviors.Core\EventBindingsAndBehaviors.Core.fsproj", "{197B01F2-1974-46A1-9C40-7303E405BFA7}"
EndProject
Project("{FAE04EC0-301F-11D3-BF4B-00C04F79EFBC}") = "EventBindingsAndBehaviors", "src\Samples\Typed\EventBindingsAndBehaviors\EventBindingsAndBehaviors.csproj", "{0C0BBD9A-1AC7-4B54-B725-03535AE033F1}"
EndProject
Project("{F2A71F9B-5D33-465A-A702-920D77279786}") = "FileDialogs.Core", "src\Samples\Typed\FileDialogs.Core\FileDialogs.Core.fsproj", "{1093E8A9-77C3-43A0-ACA2-E0857EC19AED}"
EndProject
Project("{FAE04EC0-301F-11D3-BF4B-00C04F79EFBC}") = "FileDialogs", "src\Samples\Typed\FileDialogs\FileDialogs.csproj", "{FC2045E2-A48F-4389-9F72-90EDE8918FCC}"
EndProject
Project("{F2A71F9B-5D33-465A-A702-920D77279786}") = "FileDialogsCmdMsg.Core", "src\Samples\Typed\FileDialogsCmdMsg.Core\FileDialogsCmdMsg.Core.fsproj", "{9B3D5A8F-16CD-4644-A239-EC2519195C80}"
EndProject
Project("{FAE04EC0-301F-11D3-BF4B-00C04F79EFBC}") = "FileDialogsCmdMsg", "src\Samples\Typed\FileDialogsCmdMsg\FileDialogsCmdMsg.csproj", "{BB30719A-3461-493E-972F-F6CEF534163E}"
EndProject
Project("{F2A71F9B-5D33-465A-A702-920D77279786}") = "Threading.Core", "src\Samples\Typed\Threading.Core\Threading.Core.fsproj", "{9ECB1F3B-3076-4C98-9ECA-6ACE8C8CAB2A}"
EndProject
Project("{FAE04EC0-301F-11D3-BF4B-00C04F79EFBC}") = "Threading", "src\Samples\Typed\Threading\Threading.csproj", "{E6476EE0-71CA-4E5D-BE05-E57825E8AECB}"
EndProject
Project("{F2A71F9B-5D33-465A-A702-920D77279786}") = "Multiselect.Core", "src\Samples\Typed\Multiselect.Core\Multiselect.Core.fsproj", "{984CD20C-0F0A-4458-A3ED-6CC9BE2A1DC8}"
EndProject
Project("{FAE04EC0-301F-11D3-BF4B-00C04F79EFBC}") = "Multiselect", "src\Samples\Typed\Multiselect\Multiselect.csproj", "{20D9470B-F39E-4E67-A00D-9714D6E857DE}"
EndProject
Project("{F2A71F9B-5D33-465A-A702-920D77279786}") = "SubModelSelectedItem.Core", "src\Samples\Typed\SubModelSelectedItem.Core\SubModelSelectedItem.Core.fsproj", "{5D54DD79-59AA-4C85-8ECA-CAC59D86F251}"
EndProject
Project("{FAE04EC0-301F-11D3-BF4B-00C04F79EFBC}") = "SubModelSelectedItem", "src\Samples\Typed\SubModelSelectedItem\SubModelSelectedItem.csproj", "{F10A1DEA-545F-4C9F-AFA1-A115726BD415}"
EndProject
Project("{F2A71F9B-5D33-465A-A702-920D77279786}") = "NewWindow.Core", "src\Samples\Typed\NewWindow.Core\NewWindow.Core.fsproj", "{0330D3D5-5A97-4F6D-AE22-993256ABDFEE}"
EndProject
Project("{FAE04EC0-301F-11D3-BF4B-00C04F79EFBC}") = "NewWindow", "src\Samples\Typed\NewWindow\NewWindow.csproj", "{565FC442-5E49-42AD-AC33-14AD14E11961}"
EndProject
Project("{F2A71F9B-5D33-465A-A702-920D77279786}") = "Capabilities.Core", "src\Samples\Typed\Capabilities.Core\Capabilities.Core.fsproj", "{F6BB74C6-971A-44D7-BC10-3B37B74DE264}"
EndProject
Project("{FAE04EC0-301F-11D3-BF4B-00C04F79EFBC}") = "Capabilities", "src\Samples\Typed\Capabilities\Capabilities.csproj", "{8B54C3E2-5F8B-471B-83DF-26239DF1C5C8}"
EndProject
Project("{FAE04EC0-301F-11D3-BF4B-00C04F79EFBC}") = "Navigation", "src\Samples\Typed\Navigation\Navigation.csproj", "{1C8C9F58-A63E-4ED6-A185-F26F672EEDE0}"
EndProject
Project("{F2A71F9B-5D33-465A-A702-920D77279786}") = "Navigation.Core", "src\Samples\Typed\Navigation.Core\Navigation.Core.fsproj", "{46397A4D-287C-410E-BDE9-1F09D7E64EF0}"
EndProject
Project("{FAE04EC0-301F-11D3-BF4B-00C04F79EFBC}") = "Navigation", "src\Samples\Dynamic\Navigation\Navigation.csproj", "{12E352F9-40EE-4C12-BD9D-5B4ABDEB5487}"
EndProject
Project("{F2A71F9B-5D33-465A-A702-920D77279786}") = "Navigation.Core", "src\Samples\Dynamic\Navigation.Core\Navigation.Core.fsproj", "{D6BDA325-9615-42F5-8D42-EEF27F9E7339}"
EndProject
Global
	GlobalSection(SolutionConfigurationPlatforms) = preSolution
		Debug|Any CPU = Debug|Any CPU
		Debug|x64 = Debug|x64
		Debug|x86 = Debug|x86
		Release|Any CPU = Release|Any CPU
		Release|x64 = Release|x64
		Release|x86 = Release|x86
	EndGlobalSection
	GlobalSection(ProjectConfigurationPlatforms) = postSolution
		{ED67A1EA-E467-4ABC-B627-8D8A184E20E9}.Debug|Any CPU.ActiveCfg = Debug|Any CPU
		{ED67A1EA-E467-4ABC-B627-8D8A184E20E9}.Debug|Any CPU.Build.0 = Debug|Any CPU
		{ED67A1EA-E467-4ABC-B627-8D8A184E20E9}.Debug|x64.ActiveCfg = Debug|Any CPU
		{ED67A1EA-E467-4ABC-B627-8D8A184E20E9}.Debug|x64.Build.0 = Debug|Any CPU
		{ED67A1EA-E467-4ABC-B627-8D8A184E20E9}.Debug|x86.ActiveCfg = Debug|Any CPU
		{ED67A1EA-E467-4ABC-B627-8D8A184E20E9}.Debug|x86.Build.0 = Debug|Any CPU
		{ED67A1EA-E467-4ABC-B627-8D8A184E20E9}.Release|Any CPU.ActiveCfg = Release|Any CPU
		{ED67A1EA-E467-4ABC-B627-8D8A184E20E9}.Release|Any CPU.Build.0 = Release|Any CPU
		{ED67A1EA-E467-4ABC-B627-8D8A184E20E9}.Release|x64.ActiveCfg = Release|Any CPU
		{ED67A1EA-E467-4ABC-B627-8D8A184E20E9}.Release|x64.Build.0 = Release|Any CPU
		{ED67A1EA-E467-4ABC-B627-8D8A184E20E9}.Release|x86.ActiveCfg = Release|Any CPU
		{ED67A1EA-E467-4ABC-B627-8D8A184E20E9}.Release|x86.Build.0 = Release|Any CPU
		{06B21109-54A2-47FD-B701-C5B572059F88}.Debug|Any CPU.ActiveCfg = Debug|Any CPU
		{06B21109-54A2-47FD-B701-C5B572059F88}.Debug|Any CPU.Build.0 = Debug|Any CPU
		{06B21109-54A2-47FD-B701-C5B572059F88}.Debug|x64.ActiveCfg = Debug|Any CPU
		{06B21109-54A2-47FD-B701-C5B572059F88}.Debug|x64.Build.0 = Debug|Any CPU
		{06B21109-54A2-47FD-B701-C5B572059F88}.Debug|x86.ActiveCfg = Debug|Any CPU
		{06B21109-54A2-47FD-B701-C5B572059F88}.Debug|x86.Build.0 = Debug|Any CPU
		{06B21109-54A2-47FD-B701-C5B572059F88}.Release|Any CPU.ActiveCfg = Release|Any CPU
		{06B21109-54A2-47FD-B701-C5B572059F88}.Release|Any CPU.Build.0 = Release|Any CPU
		{06B21109-54A2-47FD-B701-C5B572059F88}.Release|x64.ActiveCfg = Release|Any CPU
		{06B21109-54A2-47FD-B701-C5B572059F88}.Release|x64.Build.0 = Release|Any CPU
		{06B21109-54A2-47FD-B701-C5B572059F88}.Release|x86.ActiveCfg = Release|Any CPU
		{06B21109-54A2-47FD-B701-C5B572059F88}.Release|x86.Build.0 = Release|Any CPU
		{603D8145-0AD4-44BE-A730-678B9BE015E1}.Debug|Any CPU.ActiveCfg = Debug|Any CPU
		{603D8145-0AD4-44BE-A730-678B9BE015E1}.Debug|Any CPU.Build.0 = Debug|Any CPU
		{603D8145-0AD4-44BE-A730-678B9BE015E1}.Debug|x64.ActiveCfg = Debug|Any CPU
		{603D8145-0AD4-44BE-A730-678B9BE015E1}.Debug|x64.Build.0 = Debug|Any CPU
		{603D8145-0AD4-44BE-A730-678B9BE015E1}.Debug|x86.ActiveCfg = Debug|Any CPU
		{603D8145-0AD4-44BE-A730-678B9BE015E1}.Debug|x86.Build.0 = Debug|Any CPU
		{603D8145-0AD4-44BE-A730-678B9BE015E1}.Release|Any CPU.ActiveCfg = Release|Any CPU
		{603D8145-0AD4-44BE-A730-678B9BE015E1}.Release|Any CPU.Build.0 = Release|Any CPU
		{603D8145-0AD4-44BE-A730-678B9BE015E1}.Release|x64.ActiveCfg = Release|Any CPU
		{603D8145-0AD4-44BE-A730-678B9BE015E1}.Release|x64.Build.0 = Release|Any CPU
		{603D8145-0AD4-44BE-A730-678B9BE015E1}.Release|x86.ActiveCfg = Release|Any CPU
		{603D8145-0AD4-44BE-A730-678B9BE015E1}.Release|x86.Build.0 = Release|Any CPU
		{F905EB30-20A0-42F6-9035-98C27D1CCF81}.Debug|Any CPU.ActiveCfg = Debug|Any CPU
		{F905EB30-20A0-42F6-9035-98C27D1CCF81}.Debug|Any CPU.Build.0 = Debug|Any CPU
		{F905EB30-20A0-42F6-9035-98C27D1CCF81}.Debug|x64.ActiveCfg = Debug|Any CPU
		{F905EB30-20A0-42F6-9035-98C27D1CCF81}.Debug|x64.Build.0 = Debug|Any CPU
		{F905EB30-20A0-42F6-9035-98C27D1CCF81}.Debug|x86.ActiveCfg = Debug|Any CPU
		{F905EB30-20A0-42F6-9035-98C27D1CCF81}.Debug|x86.Build.0 = Debug|Any CPU
		{F905EB30-20A0-42F6-9035-98C27D1CCF81}.Release|Any CPU.ActiveCfg = Release|Any CPU
		{F905EB30-20A0-42F6-9035-98C27D1CCF81}.Release|Any CPU.Build.0 = Release|Any CPU
		{F905EB30-20A0-42F6-9035-98C27D1CCF81}.Release|x64.ActiveCfg = Release|Any CPU
		{F905EB30-20A0-42F6-9035-98C27D1CCF81}.Release|x64.Build.0 = Release|Any CPU
		{F905EB30-20A0-42F6-9035-98C27D1CCF81}.Release|x86.ActiveCfg = Release|Any CPU
		{F905EB30-20A0-42F6-9035-98C27D1CCF81}.Release|x86.Build.0 = Release|Any CPU
		{EBC55A44-EF7F-4D3E-8E94-8848C00C3059}.Debug|Any CPU.ActiveCfg = Debug|Any CPU
		{EBC55A44-EF7F-4D3E-8E94-8848C00C3059}.Debug|Any CPU.Build.0 = Debug|Any CPU
		{EBC55A44-EF7F-4D3E-8E94-8848C00C3059}.Debug|x64.ActiveCfg = Debug|Any CPU
		{EBC55A44-EF7F-4D3E-8E94-8848C00C3059}.Debug|x64.Build.0 = Debug|Any CPU
		{EBC55A44-EF7F-4D3E-8E94-8848C00C3059}.Debug|x86.ActiveCfg = Debug|Any CPU
		{EBC55A44-EF7F-4D3E-8E94-8848C00C3059}.Debug|x86.Build.0 = Debug|Any CPU
		{EBC55A44-EF7F-4D3E-8E94-8848C00C3059}.Release|Any CPU.ActiveCfg = Release|Any CPU
		{EBC55A44-EF7F-4D3E-8E94-8848C00C3059}.Release|Any CPU.Build.0 = Release|Any CPU
		{EBC55A44-EF7F-4D3E-8E94-8848C00C3059}.Release|x64.ActiveCfg = Release|Any CPU
		{EBC55A44-EF7F-4D3E-8E94-8848C00C3059}.Release|x64.Build.0 = Release|Any CPU
		{EBC55A44-EF7F-4D3E-8E94-8848C00C3059}.Release|x86.ActiveCfg = Release|Any CPU
		{EBC55A44-EF7F-4D3E-8E94-8848C00C3059}.Release|x86.Build.0 = Release|Any CPU
		{CE4B62D4-26FD-4C6A-B1C4-6871A057CE3F}.Debug|Any CPU.ActiveCfg = Debug|Any CPU
		{CE4B62D4-26FD-4C6A-B1C4-6871A057CE3F}.Debug|Any CPU.Build.0 = Debug|Any CPU
		{CE4B62D4-26FD-4C6A-B1C4-6871A057CE3F}.Debug|x64.ActiveCfg = Debug|Any CPU
		{CE4B62D4-26FD-4C6A-B1C4-6871A057CE3F}.Debug|x64.Build.0 = Debug|Any CPU
		{CE4B62D4-26FD-4C6A-B1C4-6871A057CE3F}.Debug|x86.ActiveCfg = Debug|Any CPU
		{CE4B62D4-26FD-4C6A-B1C4-6871A057CE3F}.Debug|x86.Build.0 = Debug|Any CPU
		{CE4B62D4-26FD-4C6A-B1C4-6871A057CE3F}.Release|Any CPU.ActiveCfg = Release|Any CPU
		{CE4B62D4-26FD-4C6A-B1C4-6871A057CE3F}.Release|Any CPU.Build.0 = Release|Any CPU
		{CE4B62D4-26FD-4C6A-B1C4-6871A057CE3F}.Release|x64.ActiveCfg = Release|Any CPU
		{CE4B62D4-26FD-4C6A-B1C4-6871A057CE3F}.Release|x64.Build.0 = Release|Any CPU
		{CE4B62D4-26FD-4C6A-B1C4-6871A057CE3F}.Release|x86.ActiveCfg = Release|Any CPU
		{CE4B62D4-26FD-4C6A-B1C4-6871A057CE3F}.Release|x86.Build.0 = Release|Any CPU
		{C1E54278-5FE4-4370-AA98-AB20F037AD6A}.Debug|Any CPU.ActiveCfg = Debug|Any CPU
		{C1E54278-5FE4-4370-AA98-AB20F037AD6A}.Debug|Any CPU.Build.0 = Debug|Any CPU
		{C1E54278-5FE4-4370-AA98-AB20F037AD6A}.Debug|x64.ActiveCfg = Debug|Any CPU
		{C1E54278-5FE4-4370-AA98-AB20F037AD6A}.Debug|x64.Build.0 = Debug|Any CPU
		{C1E54278-5FE4-4370-AA98-AB20F037AD6A}.Debug|x86.ActiveCfg = Debug|Any CPU
		{C1E54278-5FE4-4370-AA98-AB20F037AD6A}.Debug|x86.Build.0 = Debug|Any CPU
		{C1E54278-5FE4-4370-AA98-AB20F037AD6A}.Release|Any CPU.ActiveCfg = Release|Any CPU
		{C1E54278-5FE4-4370-AA98-AB20F037AD6A}.Release|Any CPU.Build.0 = Release|Any CPU
		{C1E54278-5FE4-4370-AA98-AB20F037AD6A}.Release|x64.ActiveCfg = Release|Any CPU
		{C1E54278-5FE4-4370-AA98-AB20F037AD6A}.Release|x64.Build.0 = Release|Any CPU
		{C1E54278-5FE4-4370-AA98-AB20F037AD6A}.Release|x86.ActiveCfg = Release|Any CPU
		{C1E54278-5FE4-4370-AA98-AB20F037AD6A}.Release|x86.Build.0 = Release|Any CPU
		{1982CF30-6D02-45F6-808A-C35A75623343}.Debug|Any CPU.ActiveCfg = Debug|Any CPU
		{1982CF30-6D02-45F6-808A-C35A75623343}.Debug|Any CPU.Build.0 = Debug|Any CPU
		{1982CF30-6D02-45F6-808A-C35A75623343}.Debug|x64.ActiveCfg = Debug|Any CPU
		{1982CF30-6D02-45F6-808A-C35A75623343}.Debug|x64.Build.0 = Debug|Any CPU
		{1982CF30-6D02-45F6-808A-C35A75623343}.Debug|x86.ActiveCfg = Debug|Any CPU
		{1982CF30-6D02-45F6-808A-C35A75623343}.Debug|x86.Build.0 = Debug|Any CPU
		{1982CF30-6D02-45F6-808A-C35A75623343}.Release|Any CPU.ActiveCfg = Release|Any CPU
		{1982CF30-6D02-45F6-808A-C35A75623343}.Release|Any CPU.Build.0 = Release|Any CPU
		{1982CF30-6D02-45F6-808A-C35A75623343}.Release|x64.ActiveCfg = Release|Any CPU
		{1982CF30-6D02-45F6-808A-C35A75623343}.Release|x64.Build.0 = Release|Any CPU
		{1982CF30-6D02-45F6-808A-C35A75623343}.Release|x86.ActiveCfg = Release|Any CPU
		{1982CF30-6D02-45F6-808A-C35A75623343}.Release|x86.Build.0 = Release|Any CPU
		{ABCDCFAB-666F-40FA-906F-AFC3916E25D3}.Debug|Any CPU.ActiveCfg = Debug|Any CPU
		{ABCDCFAB-666F-40FA-906F-AFC3916E25D3}.Debug|Any CPU.Build.0 = Debug|Any CPU
		{ABCDCFAB-666F-40FA-906F-AFC3916E25D3}.Debug|x64.ActiveCfg = Debug|Any CPU
		{ABCDCFAB-666F-40FA-906F-AFC3916E25D3}.Debug|x64.Build.0 = Debug|Any CPU
		{ABCDCFAB-666F-40FA-906F-AFC3916E25D3}.Debug|x86.ActiveCfg = Debug|Any CPU
		{ABCDCFAB-666F-40FA-906F-AFC3916E25D3}.Debug|x86.Build.0 = Debug|Any CPU
		{ABCDCFAB-666F-40FA-906F-AFC3916E25D3}.Release|Any CPU.ActiveCfg = Release|Any CPU
		{ABCDCFAB-666F-40FA-906F-AFC3916E25D3}.Release|Any CPU.Build.0 = Release|Any CPU
		{ABCDCFAB-666F-40FA-906F-AFC3916E25D3}.Release|x64.ActiveCfg = Release|Any CPU
		{ABCDCFAB-666F-40FA-906F-AFC3916E25D3}.Release|x64.Build.0 = Release|Any CPU
		{ABCDCFAB-666F-40FA-906F-AFC3916E25D3}.Release|x86.ActiveCfg = Release|Any CPU
		{ABCDCFAB-666F-40FA-906F-AFC3916E25D3}.Release|x86.Build.0 = Release|Any CPU
		{69C45190-79DC-4F2F-B0D2-0FD84B77F8A9}.Debug|Any CPU.ActiveCfg = Debug|Any CPU
		{69C45190-79DC-4F2F-B0D2-0FD84B77F8A9}.Debug|Any CPU.Build.0 = Debug|Any CPU
		{69C45190-79DC-4F2F-B0D2-0FD84B77F8A9}.Debug|x64.ActiveCfg = Debug|Any CPU
		{69C45190-79DC-4F2F-B0D2-0FD84B77F8A9}.Debug|x64.Build.0 = Debug|Any CPU
		{69C45190-79DC-4F2F-B0D2-0FD84B77F8A9}.Debug|x86.ActiveCfg = Debug|Any CPU
		{69C45190-79DC-4F2F-B0D2-0FD84B77F8A9}.Debug|x86.Build.0 = Debug|Any CPU
		{69C45190-79DC-4F2F-B0D2-0FD84B77F8A9}.Release|Any CPU.ActiveCfg = Release|Any CPU
		{69C45190-79DC-4F2F-B0D2-0FD84B77F8A9}.Release|Any CPU.Build.0 = Release|Any CPU
		{69C45190-79DC-4F2F-B0D2-0FD84B77F8A9}.Release|x64.ActiveCfg = Release|Any CPU
		{69C45190-79DC-4F2F-B0D2-0FD84B77F8A9}.Release|x64.Build.0 = Release|Any CPU
		{69C45190-79DC-4F2F-B0D2-0FD84B77F8A9}.Release|x86.ActiveCfg = Release|Any CPU
		{69C45190-79DC-4F2F-B0D2-0FD84B77F8A9}.Release|x86.Build.0 = Release|Any CPU
		{FAD8476C-AE4E-4298-9F08-044ED3C0BA08}.Debug|Any CPU.ActiveCfg = Debug|Any CPU
		{FAD8476C-AE4E-4298-9F08-044ED3C0BA08}.Debug|Any CPU.Build.0 = Debug|Any CPU
		{FAD8476C-AE4E-4298-9F08-044ED3C0BA08}.Debug|x64.ActiveCfg = Debug|Any CPU
		{FAD8476C-AE4E-4298-9F08-044ED3C0BA08}.Debug|x64.Build.0 = Debug|Any CPU
		{FAD8476C-AE4E-4298-9F08-044ED3C0BA08}.Debug|x86.ActiveCfg = Debug|Any CPU
		{FAD8476C-AE4E-4298-9F08-044ED3C0BA08}.Debug|x86.Build.0 = Debug|Any CPU
		{FAD8476C-AE4E-4298-9F08-044ED3C0BA08}.Release|Any CPU.ActiveCfg = Release|Any CPU
		{FAD8476C-AE4E-4298-9F08-044ED3C0BA08}.Release|Any CPU.Build.0 = Release|Any CPU
		{FAD8476C-AE4E-4298-9F08-044ED3C0BA08}.Release|x64.ActiveCfg = Release|Any CPU
		{FAD8476C-AE4E-4298-9F08-044ED3C0BA08}.Release|x64.Build.0 = Release|Any CPU
		{FAD8476C-AE4E-4298-9F08-044ED3C0BA08}.Release|x86.ActiveCfg = Release|Any CPU
		{FAD8476C-AE4E-4298-9F08-044ED3C0BA08}.Release|x86.Build.0 = Release|Any CPU
		{02668954-D273-4140-9FD2-1BDE615A401E}.Debug|Any CPU.ActiveCfg = Debug|Any CPU
		{02668954-D273-4140-9FD2-1BDE615A401E}.Debug|Any CPU.Build.0 = Debug|Any CPU
		{02668954-D273-4140-9FD2-1BDE615A401E}.Debug|x64.ActiveCfg = Debug|Any CPU
		{02668954-D273-4140-9FD2-1BDE615A401E}.Debug|x64.Build.0 = Debug|Any CPU
		{02668954-D273-4140-9FD2-1BDE615A401E}.Debug|x86.ActiveCfg = Debug|Any CPU
		{02668954-D273-4140-9FD2-1BDE615A401E}.Debug|x86.Build.0 = Debug|Any CPU
		{02668954-D273-4140-9FD2-1BDE615A401E}.Release|Any CPU.ActiveCfg = Release|Any CPU
		{02668954-D273-4140-9FD2-1BDE615A401E}.Release|Any CPU.Build.0 = Release|Any CPU
		{02668954-D273-4140-9FD2-1BDE615A401E}.Release|x64.ActiveCfg = Release|Any CPU
		{02668954-D273-4140-9FD2-1BDE615A401E}.Release|x64.Build.0 = Release|Any CPU
		{02668954-D273-4140-9FD2-1BDE615A401E}.Release|x86.ActiveCfg = Release|Any CPU
		{02668954-D273-4140-9FD2-1BDE615A401E}.Release|x86.Build.0 = Release|Any CPU
		{8565CE50-713C-4336-88AD-EAC732DC921A}.Debug|Any CPU.ActiveCfg = Debug|Any CPU
		{8565CE50-713C-4336-88AD-EAC732DC921A}.Debug|Any CPU.Build.0 = Debug|Any CPU
		{8565CE50-713C-4336-88AD-EAC732DC921A}.Debug|x64.ActiveCfg = Debug|Any CPU
		{8565CE50-713C-4336-88AD-EAC732DC921A}.Debug|x64.Build.0 = Debug|Any CPU
		{8565CE50-713C-4336-88AD-EAC732DC921A}.Debug|x86.ActiveCfg = Debug|Any CPU
		{8565CE50-713C-4336-88AD-EAC732DC921A}.Debug|x86.Build.0 = Debug|Any CPU
		{8565CE50-713C-4336-88AD-EAC732DC921A}.Release|Any CPU.ActiveCfg = Release|Any CPU
		{8565CE50-713C-4336-88AD-EAC732DC921A}.Release|Any CPU.Build.0 = Release|Any CPU
		{8565CE50-713C-4336-88AD-EAC732DC921A}.Release|x64.ActiveCfg = Release|Any CPU
		{8565CE50-713C-4336-88AD-EAC732DC921A}.Release|x64.Build.0 = Release|Any CPU
		{8565CE50-713C-4336-88AD-EAC732DC921A}.Release|x86.ActiveCfg = Release|Any CPU
		{8565CE50-713C-4336-88AD-EAC732DC921A}.Release|x86.Build.0 = Release|Any CPU
		{5D83CDEA-106C-4002-BCC9-1F2BBB63EBE5}.Debug|Any CPU.ActiveCfg = Debug|Any CPU
		{5D83CDEA-106C-4002-BCC9-1F2BBB63EBE5}.Debug|Any CPU.Build.0 = Debug|Any CPU
		{5D83CDEA-106C-4002-BCC9-1F2BBB63EBE5}.Debug|x64.ActiveCfg = Debug|Any CPU
		{5D83CDEA-106C-4002-BCC9-1F2BBB63EBE5}.Debug|x64.Build.0 = Debug|Any CPU
		{5D83CDEA-106C-4002-BCC9-1F2BBB63EBE5}.Debug|x86.ActiveCfg = Debug|Any CPU
		{5D83CDEA-106C-4002-BCC9-1F2BBB63EBE5}.Debug|x86.Build.0 = Debug|Any CPU
		{5D83CDEA-106C-4002-BCC9-1F2BBB63EBE5}.Release|Any CPU.ActiveCfg = Release|Any CPU
		{5D83CDEA-106C-4002-BCC9-1F2BBB63EBE5}.Release|Any CPU.Build.0 = Release|Any CPU
		{5D83CDEA-106C-4002-BCC9-1F2BBB63EBE5}.Release|x64.ActiveCfg = Release|Any CPU
		{5D83CDEA-106C-4002-BCC9-1F2BBB63EBE5}.Release|x64.Build.0 = Release|Any CPU
		{5D83CDEA-106C-4002-BCC9-1F2BBB63EBE5}.Release|x86.ActiveCfg = Release|Any CPU
		{5D83CDEA-106C-4002-BCC9-1F2BBB63EBE5}.Release|x86.Build.0 = Release|Any CPU
		{F884FA9A-2A79-48AB-938C-A34E8A8BCF3E}.Debug|Any CPU.ActiveCfg = Debug|Any CPU
		{F884FA9A-2A79-48AB-938C-A34E8A8BCF3E}.Debug|Any CPU.Build.0 = Debug|Any CPU
		{F884FA9A-2A79-48AB-938C-A34E8A8BCF3E}.Debug|x64.ActiveCfg = Debug|Any CPU
		{F884FA9A-2A79-48AB-938C-A34E8A8BCF3E}.Debug|x64.Build.0 = Debug|Any CPU
		{F884FA9A-2A79-48AB-938C-A34E8A8BCF3E}.Debug|x86.ActiveCfg = Debug|Any CPU
		{F884FA9A-2A79-48AB-938C-A34E8A8BCF3E}.Debug|x86.Build.0 = Debug|Any CPU
		{F884FA9A-2A79-48AB-938C-A34E8A8BCF3E}.Release|Any CPU.ActiveCfg = Release|Any CPU
		{F884FA9A-2A79-48AB-938C-A34E8A8BCF3E}.Release|Any CPU.Build.0 = Release|Any CPU
		{F884FA9A-2A79-48AB-938C-A34E8A8BCF3E}.Release|x64.ActiveCfg = Release|Any CPU
		{F884FA9A-2A79-48AB-938C-A34E8A8BCF3E}.Release|x64.Build.0 = Release|Any CPU
		{F884FA9A-2A79-48AB-938C-A34E8A8BCF3E}.Release|x86.ActiveCfg = Release|Any CPU
		{F884FA9A-2A79-48AB-938C-A34E8A8BCF3E}.Release|x86.Build.0 = Release|Any CPU
		{239809C7-5679-4A85-AC76-254AB83C1DF0}.Debug|Any CPU.ActiveCfg = Debug|Any CPU
		{239809C7-5679-4A85-AC76-254AB83C1DF0}.Debug|Any CPU.Build.0 = Debug|Any CPU
		{239809C7-5679-4A85-AC76-254AB83C1DF0}.Debug|x64.ActiveCfg = Debug|Any CPU
		{239809C7-5679-4A85-AC76-254AB83C1DF0}.Debug|x64.Build.0 = Debug|Any CPU
		{239809C7-5679-4A85-AC76-254AB83C1DF0}.Debug|x86.ActiveCfg = Debug|Any CPU
		{239809C7-5679-4A85-AC76-254AB83C1DF0}.Debug|x86.Build.0 = Debug|Any CPU
		{239809C7-5679-4A85-AC76-254AB83C1DF0}.Release|Any CPU.ActiveCfg = Release|Any CPU
		{239809C7-5679-4A85-AC76-254AB83C1DF0}.Release|Any CPU.Build.0 = Release|Any CPU
		{239809C7-5679-4A85-AC76-254AB83C1DF0}.Release|x64.ActiveCfg = Release|Any CPU
		{239809C7-5679-4A85-AC76-254AB83C1DF0}.Release|x64.Build.0 = Release|Any CPU
		{239809C7-5679-4A85-AC76-254AB83C1DF0}.Release|x86.ActiveCfg = Release|Any CPU
		{239809C7-5679-4A85-AC76-254AB83C1DF0}.Release|x86.Build.0 = Release|Any CPU
		{7B1997D7-7E82-4094-97FF-F267AB1E628E}.Debug|Any CPU.ActiveCfg = Debug|Any CPU
		{7B1997D7-7E82-4094-97FF-F267AB1E628E}.Debug|Any CPU.Build.0 = Debug|Any CPU
		{7B1997D7-7E82-4094-97FF-F267AB1E628E}.Debug|x64.ActiveCfg = Debug|Any CPU
		{7B1997D7-7E82-4094-97FF-F267AB1E628E}.Debug|x64.Build.0 = Debug|Any CPU
		{7B1997D7-7E82-4094-97FF-F267AB1E628E}.Debug|x86.ActiveCfg = Debug|Any CPU
		{7B1997D7-7E82-4094-97FF-F267AB1E628E}.Debug|x86.Build.0 = Debug|Any CPU
		{7B1997D7-7E82-4094-97FF-F267AB1E628E}.Release|Any CPU.ActiveCfg = Release|Any CPU
		{7B1997D7-7E82-4094-97FF-F267AB1E628E}.Release|Any CPU.Build.0 = Release|Any CPU
		{7B1997D7-7E82-4094-97FF-F267AB1E628E}.Release|x64.ActiveCfg = Release|Any CPU
		{7B1997D7-7E82-4094-97FF-F267AB1E628E}.Release|x64.Build.0 = Release|Any CPU
		{7B1997D7-7E82-4094-97FF-F267AB1E628E}.Release|x86.ActiveCfg = Release|Any CPU
		{7B1997D7-7E82-4094-97FF-F267AB1E628E}.Release|x86.Build.0 = Release|Any CPU
		{464B25D1-BF6F-4F52-B8C1-2F783A4865AE}.Debug|Any CPU.ActiveCfg = Debug|Any CPU
		{464B25D1-BF6F-4F52-B8C1-2F783A4865AE}.Debug|Any CPU.Build.0 = Debug|Any CPU
		{464B25D1-BF6F-4F52-B8C1-2F783A4865AE}.Debug|x64.ActiveCfg = Debug|Any CPU
		{464B25D1-BF6F-4F52-B8C1-2F783A4865AE}.Debug|x64.Build.0 = Debug|Any CPU
		{464B25D1-BF6F-4F52-B8C1-2F783A4865AE}.Debug|x86.ActiveCfg = Debug|Any CPU
		{464B25D1-BF6F-4F52-B8C1-2F783A4865AE}.Debug|x86.Build.0 = Debug|Any CPU
		{464B25D1-BF6F-4F52-B8C1-2F783A4865AE}.Release|Any CPU.ActiveCfg = Release|Any CPU
		{464B25D1-BF6F-4F52-B8C1-2F783A4865AE}.Release|Any CPU.Build.0 = Release|Any CPU
		{464B25D1-BF6F-4F52-B8C1-2F783A4865AE}.Release|x64.ActiveCfg = Release|Any CPU
		{464B25D1-BF6F-4F52-B8C1-2F783A4865AE}.Release|x64.Build.0 = Release|Any CPU
		{464B25D1-BF6F-4F52-B8C1-2F783A4865AE}.Release|x86.ActiveCfg = Release|Any CPU
		{464B25D1-BF6F-4F52-B8C1-2F783A4865AE}.Release|x86.Build.0 = Release|Any CPU
		{74BE5736-B441-4371-AB5B-F1C7A61341C2}.Debug|Any CPU.ActiveCfg = Debug|Any CPU
		{74BE5736-B441-4371-AB5B-F1C7A61341C2}.Debug|Any CPU.Build.0 = Debug|Any CPU
		{74BE5736-B441-4371-AB5B-F1C7A61341C2}.Debug|x64.ActiveCfg = Debug|Any CPU
		{74BE5736-B441-4371-AB5B-F1C7A61341C2}.Debug|x64.Build.0 = Debug|Any CPU
		{74BE5736-B441-4371-AB5B-F1C7A61341C2}.Debug|x86.ActiveCfg = Debug|Any CPU
		{74BE5736-B441-4371-AB5B-F1C7A61341C2}.Debug|x86.Build.0 = Debug|Any CPU
		{74BE5736-B441-4371-AB5B-F1C7A61341C2}.Release|Any CPU.ActiveCfg = Release|Any CPU
		{74BE5736-B441-4371-AB5B-F1C7A61341C2}.Release|Any CPU.Build.0 = Release|Any CPU
		{74BE5736-B441-4371-AB5B-F1C7A61341C2}.Release|x64.ActiveCfg = Release|Any CPU
		{74BE5736-B441-4371-AB5B-F1C7A61341C2}.Release|x64.Build.0 = Release|Any CPU
		{74BE5736-B441-4371-AB5B-F1C7A61341C2}.Release|x86.ActiveCfg = Release|Any CPU
		{74BE5736-B441-4371-AB5B-F1C7A61341C2}.Release|x86.Build.0 = Release|Any CPU
		{54B7ACB9-F2CD-4B30-ABA6-191C37E336A0}.Debug|Any CPU.ActiveCfg = Debug|Any CPU
		{54B7ACB9-F2CD-4B30-ABA6-191C37E336A0}.Debug|Any CPU.Build.0 = Debug|Any CPU
		{54B7ACB9-F2CD-4B30-ABA6-191C37E336A0}.Debug|x64.ActiveCfg = Debug|Any CPU
		{54B7ACB9-F2CD-4B30-ABA6-191C37E336A0}.Debug|x64.Build.0 = Debug|Any CPU
		{54B7ACB9-F2CD-4B30-ABA6-191C37E336A0}.Debug|x86.ActiveCfg = Debug|Any CPU
		{54B7ACB9-F2CD-4B30-ABA6-191C37E336A0}.Debug|x86.Build.0 = Debug|Any CPU
		{54B7ACB9-F2CD-4B30-ABA6-191C37E336A0}.Release|Any CPU.ActiveCfg = Release|Any CPU
		{54B7ACB9-F2CD-4B30-ABA6-191C37E336A0}.Release|Any CPU.Build.0 = Release|Any CPU
		{54B7ACB9-F2CD-4B30-ABA6-191C37E336A0}.Release|x64.ActiveCfg = Release|Any CPU
		{54B7ACB9-F2CD-4B30-ABA6-191C37E336A0}.Release|x64.Build.0 = Release|Any CPU
		{54B7ACB9-F2CD-4B30-ABA6-191C37E336A0}.Release|x86.ActiveCfg = Release|Any CPU
		{54B7ACB9-F2CD-4B30-ABA6-191C37E336A0}.Release|x86.Build.0 = Release|Any CPU
		{F30FD499-8F88-4613-8B15-C06AA649881F}.Debug|Any CPU.ActiveCfg = Debug|Any CPU
		{F30FD499-8F88-4613-8B15-C06AA649881F}.Debug|Any CPU.Build.0 = Debug|Any CPU
		{F30FD499-8F88-4613-8B15-C06AA649881F}.Debug|x64.ActiveCfg = Debug|Any CPU
		{F30FD499-8F88-4613-8B15-C06AA649881F}.Debug|x64.Build.0 = Debug|Any CPU
		{F30FD499-8F88-4613-8B15-C06AA649881F}.Debug|x86.ActiveCfg = Debug|Any CPU
		{F30FD499-8F88-4613-8B15-C06AA649881F}.Debug|x86.Build.0 = Debug|Any CPU
		{F30FD499-8F88-4613-8B15-C06AA649881F}.Release|Any CPU.ActiveCfg = Release|Any CPU
		{F30FD499-8F88-4613-8B15-C06AA649881F}.Release|Any CPU.Build.0 = Release|Any CPU
		{F30FD499-8F88-4613-8B15-C06AA649881F}.Release|x64.ActiveCfg = Release|Any CPU
		{F30FD499-8F88-4613-8B15-C06AA649881F}.Release|x64.Build.0 = Release|Any CPU
		{F30FD499-8F88-4613-8B15-C06AA649881F}.Release|x86.ActiveCfg = Release|Any CPU
		{F30FD499-8F88-4613-8B15-C06AA649881F}.Release|x86.Build.0 = Release|Any CPU
		{220CFDCE-5B3B-49C7-A340-C19B7C28BF79}.Debug|Any CPU.ActiveCfg = Debug|Any CPU
		{220CFDCE-5B3B-49C7-A340-C19B7C28BF79}.Debug|Any CPU.Build.0 = Debug|Any CPU
		{220CFDCE-5B3B-49C7-A340-C19B7C28BF79}.Debug|x64.ActiveCfg = Debug|Any CPU
		{220CFDCE-5B3B-49C7-A340-C19B7C28BF79}.Debug|x64.Build.0 = Debug|Any CPU
		{220CFDCE-5B3B-49C7-A340-C19B7C28BF79}.Debug|x86.ActiveCfg = Debug|Any CPU
		{220CFDCE-5B3B-49C7-A340-C19B7C28BF79}.Debug|x86.Build.0 = Debug|Any CPU
		{220CFDCE-5B3B-49C7-A340-C19B7C28BF79}.Release|Any CPU.ActiveCfg = Release|Any CPU
		{220CFDCE-5B3B-49C7-A340-C19B7C28BF79}.Release|Any CPU.Build.0 = Release|Any CPU
		{220CFDCE-5B3B-49C7-A340-C19B7C28BF79}.Release|x64.ActiveCfg = Release|Any CPU
		{220CFDCE-5B3B-49C7-A340-C19B7C28BF79}.Release|x64.Build.0 = Release|Any CPU
		{220CFDCE-5B3B-49C7-A340-C19B7C28BF79}.Release|x86.ActiveCfg = Release|Any CPU
		{220CFDCE-5B3B-49C7-A340-C19B7C28BF79}.Release|x86.Build.0 = Release|Any CPU
		{D17190BB-8C0E-4CC3-8644-F0B120EDBD55}.Debug|Any CPU.ActiveCfg = Debug|Any CPU
		{D17190BB-8C0E-4CC3-8644-F0B120EDBD55}.Debug|Any CPU.Build.0 = Debug|Any CPU
		{D17190BB-8C0E-4CC3-8644-F0B120EDBD55}.Debug|x64.ActiveCfg = Debug|Any CPU
		{D17190BB-8C0E-4CC3-8644-F0B120EDBD55}.Debug|x64.Build.0 = Debug|Any CPU
		{D17190BB-8C0E-4CC3-8644-F0B120EDBD55}.Debug|x86.ActiveCfg = Debug|Any CPU
		{D17190BB-8C0E-4CC3-8644-F0B120EDBD55}.Debug|x86.Build.0 = Debug|Any CPU
		{D17190BB-8C0E-4CC3-8644-F0B120EDBD55}.Release|Any CPU.ActiveCfg = Release|Any CPU
		{D17190BB-8C0E-4CC3-8644-F0B120EDBD55}.Release|Any CPU.Build.0 = Release|Any CPU
		{D17190BB-8C0E-4CC3-8644-F0B120EDBD55}.Release|x64.ActiveCfg = Release|Any CPU
		{D17190BB-8C0E-4CC3-8644-F0B120EDBD55}.Release|x64.Build.0 = Release|Any CPU
		{D17190BB-8C0E-4CC3-8644-F0B120EDBD55}.Release|x86.ActiveCfg = Release|Any CPU
		{D17190BB-8C0E-4CC3-8644-F0B120EDBD55}.Release|x86.Build.0 = Release|Any CPU
		{6A489E6B-CD18-442D-A856-89DDE710B009}.Debug|Any CPU.ActiveCfg = Debug|Any CPU
		{6A489E6B-CD18-442D-A856-89DDE710B009}.Debug|Any CPU.Build.0 = Debug|Any CPU
		{6A489E6B-CD18-442D-A856-89DDE710B009}.Debug|x64.ActiveCfg = Debug|Any CPU
		{6A489E6B-CD18-442D-A856-89DDE710B009}.Debug|x64.Build.0 = Debug|Any CPU
		{6A489E6B-CD18-442D-A856-89DDE710B009}.Debug|x86.ActiveCfg = Debug|Any CPU
		{6A489E6B-CD18-442D-A856-89DDE710B009}.Debug|x86.Build.0 = Debug|Any CPU
		{6A489E6B-CD18-442D-A856-89DDE710B009}.Release|Any CPU.ActiveCfg = Release|Any CPU
		{6A489E6B-CD18-442D-A856-89DDE710B009}.Release|Any CPU.Build.0 = Release|Any CPU
		{6A489E6B-CD18-442D-A856-89DDE710B009}.Release|x64.ActiveCfg = Release|Any CPU
		{6A489E6B-CD18-442D-A856-89DDE710B009}.Release|x64.Build.0 = Release|Any CPU
		{6A489E6B-CD18-442D-A856-89DDE710B009}.Release|x86.ActiveCfg = Release|Any CPU
		{6A489E6B-CD18-442D-A856-89DDE710B009}.Release|x86.Build.0 = Release|Any CPU
		{E060A98E-50F0-45B0-AB5C-D33A90ADC1E6}.Debug|Any CPU.ActiveCfg = Debug|Any CPU
		{E060A98E-50F0-45B0-AB5C-D33A90ADC1E6}.Debug|Any CPU.Build.0 = Debug|Any CPU
		{E060A98E-50F0-45B0-AB5C-D33A90ADC1E6}.Debug|x64.ActiveCfg = Debug|Any CPU
		{E060A98E-50F0-45B0-AB5C-D33A90ADC1E6}.Debug|x64.Build.0 = Debug|Any CPU
		{E060A98E-50F0-45B0-AB5C-D33A90ADC1E6}.Debug|x86.ActiveCfg = Debug|Any CPU
		{E060A98E-50F0-45B0-AB5C-D33A90ADC1E6}.Debug|x86.Build.0 = Debug|Any CPU
		{E060A98E-50F0-45B0-AB5C-D33A90ADC1E6}.Release|Any CPU.ActiveCfg = Release|Any CPU
		{E060A98E-50F0-45B0-AB5C-D33A90ADC1E6}.Release|Any CPU.Build.0 = Release|Any CPU
		{E060A98E-50F0-45B0-AB5C-D33A90ADC1E6}.Release|x64.ActiveCfg = Release|Any CPU
		{E060A98E-50F0-45B0-AB5C-D33A90ADC1E6}.Release|x64.Build.0 = Release|Any CPU
		{E060A98E-50F0-45B0-AB5C-D33A90ADC1E6}.Release|x86.ActiveCfg = Release|Any CPU
		{E060A98E-50F0-45B0-AB5C-D33A90ADC1E6}.Release|x86.Build.0 = Release|Any CPU
		{86B65707-7652-4ED0-8B0A-6C4907E8FF86}.Debug|Any CPU.ActiveCfg = Debug|Any CPU
		{86B65707-7652-4ED0-8B0A-6C4907E8FF86}.Debug|Any CPU.Build.0 = Debug|Any CPU
		{86B65707-7652-4ED0-8B0A-6C4907E8FF86}.Debug|x64.ActiveCfg = Debug|Any CPU
		{86B65707-7652-4ED0-8B0A-6C4907E8FF86}.Debug|x64.Build.0 = Debug|Any CPU
		{86B65707-7652-4ED0-8B0A-6C4907E8FF86}.Debug|x86.ActiveCfg = Debug|Any CPU
		{86B65707-7652-4ED0-8B0A-6C4907E8FF86}.Debug|x86.Build.0 = Debug|Any CPU
		{86B65707-7652-4ED0-8B0A-6C4907E8FF86}.Release|Any CPU.ActiveCfg = Release|Any CPU
		{86B65707-7652-4ED0-8B0A-6C4907E8FF86}.Release|Any CPU.Build.0 = Release|Any CPU
		{86B65707-7652-4ED0-8B0A-6C4907E8FF86}.Release|x64.ActiveCfg = Release|Any CPU
		{86B65707-7652-4ED0-8B0A-6C4907E8FF86}.Release|x64.Build.0 = Release|Any CPU
		{86B65707-7652-4ED0-8B0A-6C4907E8FF86}.Release|x86.ActiveCfg = Release|Any CPU
		{86B65707-7652-4ED0-8B0A-6C4907E8FF86}.Release|x86.Build.0 = Release|Any CPU
		{686BA896-BD38-490A-88C1-A8D0B48D05E6}.Debug|Any CPU.ActiveCfg = Debug|Any CPU
		{686BA896-BD38-490A-88C1-A8D0B48D05E6}.Debug|Any CPU.Build.0 = Debug|Any CPU
		{686BA896-BD38-490A-88C1-A8D0B48D05E6}.Debug|x64.ActiveCfg = Debug|Any CPU
		{686BA896-BD38-490A-88C1-A8D0B48D05E6}.Debug|x64.Build.0 = Debug|Any CPU
		{686BA896-BD38-490A-88C1-A8D0B48D05E6}.Debug|x86.ActiveCfg = Debug|Any CPU
		{686BA896-BD38-490A-88C1-A8D0B48D05E6}.Debug|x86.Build.0 = Debug|Any CPU
		{686BA896-BD38-490A-88C1-A8D0B48D05E6}.Release|Any CPU.ActiveCfg = Release|Any CPU
		{686BA896-BD38-490A-88C1-A8D0B48D05E6}.Release|Any CPU.Build.0 = Release|Any CPU
		{686BA896-BD38-490A-88C1-A8D0B48D05E6}.Release|x64.ActiveCfg = Release|Any CPU
		{686BA896-BD38-490A-88C1-A8D0B48D05E6}.Release|x64.Build.0 = Release|Any CPU
		{686BA896-BD38-490A-88C1-A8D0B48D05E6}.Release|x86.ActiveCfg = Release|Any CPU
		{686BA896-BD38-490A-88C1-A8D0B48D05E6}.Release|x86.Build.0 = Release|Any CPU
		{A737F617-3916-4AC1-AEEE-69585FF89838}.Debug|Any CPU.ActiveCfg = Debug|Any CPU
		{A737F617-3916-4AC1-AEEE-69585FF89838}.Debug|Any CPU.Build.0 = Debug|Any CPU
		{A737F617-3916-4AC1-AEEE-69585FF89838}.Debug|x64.ActiveCfg = Debug|Any CPU
		{A737F617-3916-4AC1-AEEE-69585FF89838}.Debug|x64.Build.0 = Debug|Any CPU
		{A737F617-3916-4AC1-AEEE-69585FF89838}.Debug|x86.ActiveCfg = Debug|Any CPU
		{A737F617-3916-4AC1-AEEE-69585FF89838}.Debug|x86.Build.0 = Debug|Any CPU
		{A737F617-3916-4AC1-AEEE-69585FF89838}.Release|Any CPU.ActiveCfg = Release|Any CPU
		{A737F617-3916-4AC1-AEEE-69585FF89838}.Release|Any CPU.Build.0 = Release|Any CPU
		{A737F617-3916-4AC1-AEEE-69585FF89838}.Release|x64.ActiveCfg = Release|Any CPU
		{A737F617-3916-4AC1-AEEE-69585FF89838}.Release|x64.Build.0 = Release|Any CPU
		{A737F617-3916-4AC1-AEEE-69585FF89838}.Release|x86.ActiveCfg = Release|Any CPU
		{A737F617-3916-4AC1-AEEE-69585FF89838}.Release|x86.Build.0 = Release|Any CPU
		{A1B60C73-0FAC-43EF-93F9-4E6AD121F9D4}.Debug|Any CPU.ActiveCfg = Debug|Any CPU
		{A1B60C73-0FAC-43EF-93F9-4E6AD121F9D4}.Debug|Any CPU.Build.0 = Debug|Any CPU
		{A1B60C73-0FAC-43EF-93F9-4E6AD121F9D4}.Debug|x64.ActiveCfg = Debug|Any CPU
		{A1B60C73-0FAC-43EF-93F9-4E6AD121F9D4}.Debug|x64.Build.0 = Debug|Any CPU
		{A1B60C73-0FAC-43EF-93F9-4E6AD121F9D4}.Debug|x86.ActiveCfg = Debug|Any CPU
		{A1B60C73-0FAC-43EF-93F9-4E6AD121F9D4}.Debug|x86.Build.0 = Debug|Any CPU
		{A1B60C73-0FAC-43EF-93F9-4E6AD121F9D4}.Release|Any CPU.ActiveCfg = Release|Any CPU
		{A1B60C73-0FAC-43EF-93F9-4E6AD121F9D4}.Release|Any CPU.Build.0 = Release|Any CPU
		{A1B60C73-0FAC-43EF-93F9-4E6AD121F9D4}.Release|x64.ActiveCfg = Release|Any CPU
		{A1B60C73-0FAC-43EF-93F9-4E6AD121F9D4}.Release|x64.Build.0 = Release|Any CPU
		{A1B60C73-0FAC-43EF-93F9-4E6AD121F9D4}.Release|x86.ActiveCfg = Release|Any CPU
		{A1B60C73-0FAC-43EF-93F9-4E6AD121F9D4}.Release|x86.Build.0 = Release|Any CPU
		{335C2372-CB51-4569-B04D-CE8AFC8EC755}.Debug|Any CPU.ActiveCfg = Debug|Any CPU
		{335C2372-CB51-4569-B04D-CE8AFC8EC755}.Debug|Any CPU.Build.0 = Debug|Any CPU
		{335C2372-CB51-4569-B04D-CE8AFC8EC755}.Debug|x64.ActiveCfg = Debug|Any CPU
		{335C2372-CB51-4569-B04D-CE8AFC8EC755}.Debug|x64.Build.0 = Debug|Any CPU
		{335C2372-CB51-4569-B04D-CE8AFC8EC755}.Debug|x86.ActiveCfg = Debug|Any CPU
		{335C2372-CB51-4569-B04D-CE8AFC8EC755}.Debug|x86.Build.0 = Debug|Any CPU
		{335C2372-CB51-4569-B04D-CE8AFC8EC755}.Release|Any CPU.ActiveCfg = Release|Any CPU
		{335C2372-CB51-4569-B04D-CE8AFC8EC755}.Release|Any CPU.Build.0 = Release|Any CPU
		{335C2372-CB51-4569-B04D-CE8AFC8EC755}.Release|x64.ActiveCfg = Release|Any CPU
		{335C2372-CB51-4569-B04D-CE8AFC8EC755}.Release|x64.Build.0 = Release|Any CPU
		{335C2372-CB51-4569-B04D-CE8AFC8EC755}.Release|x86.ActiveCfg = Release|Any CPU
		{335C2372-CB51-4569-B04D-CE8AFC8EC755}.Release|x86.Build.0 = Release|Any CPU
		{59976F36-A8F0-425E-9620-FA78E68E145F}.Debug|Any CPU.ActiveCfg = Debug|Any CPU
		{59976F36-A8F0-425E-9620-FA78E68E145F}.Debug|Any CPU.Build.0 = Debug|Any CPU
		{59976F36-A8F0-425E-9620-FA78E68E145F}.Debug|x64.ActiveCfg = Debug|Any CPU
		{59976F36-A8F0-425E-9620-FA78E68E145F}.Debug|x64.Build.0 = Debug|Any CPU
		{59976F36-A8F0-425E-9620-FA78E68E145F}.Debug|x86.ActiveCfg = Debug|Any CPU
		{59976F36-A8F0-425E-9620-FA78E68E145F}.Debug|x86.Build.0 = Debug|Any CPU
		{59976F36-A8F0-425E-9620-FA78E68E145F}.Release|Any CPU.ActiveCfg = Release|Any CPU
		{59976F36-A8F0-425E-9620-FA78E68E145F}.Release|Any CPU.Build.0 = Release|Any CPU
		{59976F36-A8F0-425E-9620-FA78E68E145F}.Release|x64.ActiveCfg = Release|Any CPU
		{59976F36-A8F0-425E-9620-FA78E68E145F}.Release|x64.Build.0 = Release|Any CPU
		{59976F36-A8F0-425E-9620-FA78E68E145F}.Release|x86.ActiveCfg = Release|Any CPU
		{59976F36-A8F0-425E-9620-FA78E68E145F}.Release|x86.Build.0 = Release|Any CPU
		{3D4E6246-667E-4243-B2F3-B9CE12743B8D}.Debug|Any CPU.ActiveCfg = Debug|Any CPU
		{3D4E6246-667E-4243-B2F3-B9CE12743B8D}.Debug|Any CPU.Build.0 = Debug|Any CPU
		{3D4E6246-667E-4243-B2F3-B9CE12743B8D}.Debug|x64.ActiveCfg = Debug|Any CPU
		{3D4E6246-667E-4243-B2F3-B9CE12743B8D}.Debug|x64.Build.0 = Debug|Any CPU
		{3D4E6246-667E-4243-B2F3-B9CE12743B8D}.Debug|x86.ActiveCfg = Debug|Any CPU
		{3D4E6246-667E-4243-B2F3-B9CE12743B8D}.Debug|x86.Build.0 = Debug|Any CPU
		{3D4E6246-667E-4243-B2F3-B9CE12743B8D}.Release|Any CPU.ActiveCfg = Release|Any CPU
		{3D4E6246-667E-4243-B2F3-B9CE12743B8D}.Release|Any CPU.Build.0 = Release|Any CPU
		{3D4E6246-667E-4243-B2F3-B9CE12743B8D}.Release|x64.ActiveCfg = Release|Any CPU
		{3D4E6246-667E-4243-B2F3-B9CE12743B8D}.Release|x64.Build.0 = Release|Any CPU
		{3D4E6246-667E-4243-B2F3-B9CE12743B8D}.Release|x86.ActiveCfg = Release|Any CPU
		{3D4E6246-667E-4243-B2F3-B9CE12743B8D}.Release|x86.Build.0 = Release|Any CPU
		{BBC09072-9D08-454F-90BF-FD754CD60B93}.Debug|Any CPU.ActiveCfg = Debug|Any CPU
		{BBC09072-9D08-454F-90BF-FD754CD60B93}.Debug|Any CPU.Build.0 = Debug|Any CPU
		{BBC09072-9D08-454F-90BF-FD754CD60B93}.Debug|x64.ActiveCfg = Debug|Any CPU
		{BBC09072-9D08-454F-90BF-FD754CD60B93}.Debug|x64.Build.0 = Debug|Any CPU
		{BBC09072-9D08-454F-90BF-FD754CD60B93}.Debug|x86.ActiveCfg = Debug|Any CPU
		{BBC09072-9D08-454F-90BF-FD754CD60B93}.Debug|x86.Build.0 = Debug|Any CPU
		{BBC09072-9D08-454F-90BF-FD754CD60B93}.Release|Any CPU.ActiveCfg = Release|Any CPU
		{BBC09072-9D08-454F-90BF-FD754CD60B93}.Release|Any CPU.Build.0 = Release|Any CPU
		{BBC09072-9D08-454F-90BF-FD754CD60B93}.Release|x64.ActiveCfg = Release|Any CPU
		{BBC09072-9D08-454F-90BF-FD754CD60B93}.Release|x64.Build.0 = Release|Any CPU
		{BBC09072-9D08-454F-90BF-FD754CD60B93}.Release|x86.ActiveCfg = Release|Any CPU
		{BBC09072-9D08-454F-90BF-FD754CD60B93}.Release|x86.Build.0 = Release|Any CPU
		{43CF5F69-38A8-493E-960A-0877E248996F}.Debug|Any CPU.ActiveCfg = Debug|Any CPU
		{43CF5F69-38A8-493E-960A-0877E248996F}.Debug|Any CPU.Build.0 = Debug|Any CPU
		{43CF5F69-38A8-493E-960A-0877E248996F}.Debug|x64.ActiveCfg = Debug|Any CPU
		{43CF5F69-38A8-493E-960A-0877E248996F}.Debug|x64.Build.0 = Debug|Any CPU
		{43CF5F69-38A8-493E-960A-0877E248996F}.Debug|x86.ActiveCfg = Debug|Any CPU
		{43CF5F69-38A8-493E-960A-0877E248996F}.Debug|x86.Build.0 = Debug|Any CPU
		{43CF5F69-38A8-493E-960A-0877E248996F}.Release|Any CPU.ActiveCfg = Release|Any CPU
		{43CF5F69-38A8-493E-960A-0877E248996F}.Release|Any CPU.Build.0 = Release|Any CPU
		{43CF5F69-38A8-493E-960A-0877E248996F}.Release|x64.ActiveCfg = Release|Any CPU
		{43CF5F69-38A8-493E-960A-0877E248996F}.Release|x64.Build.0 = Release|Any CPU
		{43CF5F69-38A8-493E-960A-0877E248996F}.Release|x86.ActiveCfg = Release|Any CPU
		{43CF5F69-38A8-493E-960A-0877E248996F}.Release|x86.Build.0 = Release|Any CPU
		{C7D0416E-9785-40A1-921D-C92A56A9848F}.Debug|Any CPU.ActiveCfg = Debug|Any CPU
		{C7D0416E-9785-40A1-921D-C92A56A9848F}.Debug|Any CPU.Build.0 = Debug|Any CPU
		{C7D0416E-9785-40A1-921D-C92A56A9848F}.Debug|x64.ActiveCfg = Debug|Any CPU
		{C7D0416E-9785-40A1-921D-C92A56A9848F}.Debug|x64.Build.0 = Debug|Any CPU
		{C7D0416E-9785-40A1-921D-C92A56A9848F}.Debug|x86.ActiveCfg = Debug|Any CPU
		{C7D0416E-9785-40A1-921D-C92A56A9848F}.Debug|x86.Build.0 = Debug|Any CPU
		{C7D0416E-9785-40A1-921D-C92A56A9848F}.Release|Any CPU.ActiveCfg = Release|Any CPU
		{C7D0416E-9785-40A1-921D-C92A56A9848F}.Release|Any CPU.Build.0 = Release|Any CPU
		{C7D0416E-9785-40A1-921D-C92A56A9848F}.Release|x64.ActiveCfg = Release|Any CPU
		{C7D0416E-9785-40A1-921D-C92A56A9848F}.Release|x64.Build.0 = Release|Any CPU
		{C7D0416E-9785-40A1-921D-C92A56A9848F}.Release|x86.ActiveCfg = Release|Any CPU
		{C7D0416E-9785-40A1-921D-C92A56A9848F}.Release|x86.Build.0 = Release|Any CPU
		{2A113076-21F0-4F11-A1CF-D0E4A1D14503}.Debug|Any CPU.ActiveCfg = Debug|Any CPU
		{2A113076-21F0-4F11-A1CF-D0E4A1D14503}.Debug|Any CPU.Build.0 = Debug|Any CPU
		{2A113076-21F0-4F11-A1CF-D0E4A1D14503}.Debug|x64.ActiveCfg = Debug|Any CPU
		{2A113076-21F0-4F11-A1CF-D0E4A1D14503}.Debug|x64.Build.0 = Debug|Any CPU
		{2A113076-21F0-4F11-A1CF-D0E4A1D14503}.Debug|x86.ActiveCfg = Debug|Any CPU
		{2A113076-21F0-4F11-A1CF-D0E4A1D14503}.Debug|x86.Build.0 = Debug|Any CPU
		{2A113076-21F0-4F11-A1CF-D0E4A1D14503}.Release|Any CPU.ActiveCfg = Release|Any CPU
		{2A113076-21F0-4F11-A1CF-D0E4A1D14503}.Release|Any CPU.Build.0 = Release|Any CPU
		{2A113076-21F0-4F11-A1CF-D0E4A1D14503}.Release|x64.ActiveCfg = Release|Any CPU
		{2A113076-21F0-4F11-A1CF-D0E4A1D14503}.Release|x64.Build.0 = Release|Any CPU
		{2A113076-21F0-4F11-A1CF-D0E4A1D14503}.Release|x86.ActiveCfg = Release|Any CPU
		{2A113076-21F0-4F11-A1CF-D0E4A1D14503}.Release|x86.Build.0 = Release|Any CPU
		{A7BA896C-1D7E-4336-BE50-032BF8E62D81}.Debug|Any CPU.ActiveCfg = Debug|Any CPU
		{A7BA896C-1D7E-4336-BE50-032BF8E62D81}.Debug|Any CPU.Build.0 = Debug|Any CPU
		{A7BA896C-1D7E-4336-BE50-032BF8E62D81}.Debug|x64.ActiveCfg = Debug|Any CPU
		{A7BA896C-1D7E-4336-BE50-032BF8E62D81}.Debug|x64.Build.0 = Debug|Any CPU
		{A7BA896C-1D7E-4336-BE50-032BF8E62D81}.Debug|x86.ActiveCfg = Debug|Any CPU
		{A7BA896C-1D7E-4336-BE50-032BF8E62D81}.Debug|x86.Build.0 = Debug|Any CPU
		{A7BA896C-1D7E-4336-BE50-032BF8E62D81}.Release|Any CPU.ActiveCfg = Release|Any CPU
		{A7BA896C-1D7E-4336-BE50-032BF8E62D81}.Release|Any CPU.Build.0 = Release|Any CPU
		{A7BA896C-1D7E-4336-BE50-032BF8E62D81}.Release|x64.ActiveCfg = Release|Any CPU
		{A7BA896C-1D7E-4336-BE50-032BF8E62D81}.Release|x64.Build.0 = Release|Any CPU
		{A7BA896C-1D7E-4336-BE50-032BF8E62D81}.Release|x86.ActiveCfg = Release|Any CPU
		{A7BA896C-1D7E-4336-BE50-032BF8E62D81}.Release|x86.Build.0 = Release|Any CPU
		{F964D761-6542-4A3C-8ADC-41F5B8F77529}.Debug|Any CPU.ActiveCfg = Debug|Any CPU
		{F964D761-6542-4A3C-8ADC-41F5B8F77529}.Debug|Any CPU.Build.0 = Debug|Any CPU
		{F964D761-6542-4A3C-8ADC-41F5B8F77529}.Debug|x64.ActiveCfg = Debug|Any CPU
		{F964D761-6542-4A3C-8ADC-41F5B8F77529}.Debug|x64.Build.0 = Debug|Any CPU
		{F964D761-6542-4A3C-8ADC-41F5B8F77529}.Debug|x86.ActiveCfg = Debug|Any CPU
		{F964D761-6542-4A3C-8ADC-41F5B8F77529}.Debug|x86.Build.0 = Debug|Any CPU
		{F964D761-6542-4A3C-8ADC-41F5B8F77529}.Release|Any CPU.ActiveCfg = Release|Any CPU
		{F964D761-6542-4A3C-8ADC-41F5B8F77529}.Release|Any CPU.Build.0 = Release|Any CPU
		{F964D761-6542-4A3C-8ADC-41F5B8F77529}.Release|x64.ActiveCfg = Release|Any CPU
		{F964D761-6542-4A3C-8ADC-41F5B8F77529}.Release|x64.Build.0 = Release|Any CPU
		{F964D761-6542-4A3C-8ADC-41F5B8F77529}.Release|x86.ActiveCfg = Release|Any CPU
		{F964D761-6542-4A3C-8ADC-41F5B8F77529}.Release|x86.Build.0 = Release|Any CPU
		{148B26DF-05B6-44D6-890D-8AFBFAD9F7D9}.Debug|Any CPU.ActiveCfg = Debug|Any CPU
		{148B26DF-05B6-44D6-890D-8AFBFAD9F7D9}.Debug|Any CPU.Build.0 = Debug|Any CPU
		{148B26DF-05B6-44D6-890D-8AFBFAD9F7D9}.Debug|x64.ActiveCfg = Debug|Any CPU
		{148B26DF-05B6-44D6-890D-8AFBFAD9F7D9}.Debug|x64.Build.0 = Debug|Any CPU
		{148B26DF-05B6-44D6-890D-8AFBFAD9F7D9}.Debug|x86.ActiveCfg = Debug|Any CPU
		{148B26DF-05B6-44D6-890D-8AFBFAD9F7D9}.Debug|x86.Build.0 = Debug|Any CPU
		{148B26DF-05B6-44D6-890D-8AFBFAD9F7D9}.Release|Any CPU.ActiveCfg = Release|Any CPU
		{148B26DF-05B6-44D6-890D-8AFBFAD9F7D9}.Release|Any CPU.Build.0 = Release|Any CPU
		{148B26DF-05B6-44D6-890D-8AFBFAD9F7D9}.Release|x64.ActiveCfg = Release|Any CPU
		{148B26DF-05B6-44D6-890D-8AFBFAD9F7D9}.Release|x64.Build.0 = Release|Any CPU
		{148B26DF-05B6-44D6-890D-8AFBFAD9F7D9}.Release|x86.ActiveCfg = Release|Any CPU
		{148B26DF-05B6-44D6-890D-8AFBFAD9F7D9}.Release|x86.Build.0 = Release|Any CPU
		{6455B74A-6CB8-4DC3-9329-3D9CBB56173A}.Debug|Any CPU.ActiveCfg = Debug|Any CPU
		{6455B74A-6CB8-4DC3-9329-3D9CBB56173A}.Debug|Any CPU.Build.0 = Debug|Any CPU
		{6455B74A-6CB8-4DC3-9329-3D9CBB56173A}.Debug|x64.ActiveCfg = Debug|Any CPU
		{6455B74A-6CB8-4DC3-9329-3D9CBB56173A}.Debug|x64.Build.0 = Debug|Any CPU
		{6455B74A-6CB8-4DC3-9329-3D9CBB56173A}.Debug|x86.ActiveCfg = Debug|Any CPU
		{6455B74A-6CB8-4DC3-9329-3D9CBB56173A}.Debug|x86.Build.0 = Debug|Any CPU
		{6455B74A-6CB8-4DC3-9329-3D9CBB56173A}.Release|Any CPU.ActiveCfg = Release|Any CPU
		{6455B74A-6CB8-4DC3-9329-3D9CBB56173A}.Release|Any CPU.Build.0 = Release|Any CPU
		{6455B74A-6CB8-4DC3-9329-3D9CBB56173A}.Release|x64.ActiveCfg = Release|Any CPU
		{6455B74A-6CB8-4DC3-9329-3D9CBB56173A}.Release|x64.Build.0 = Release|Any CPU
		{6455B74A-6CB8-4DC3-9329-3D9CBB56173A}.Release|x86.ActiveCfg = Release|Any CPU
		{6455B74A-6CB8-4DC3-9329-3D9CBB56173A}.Release|x86.Build.0 = Release|Any CPU
		{84AF37C1-52A8-4F3F-8F2C-E7394E789523}.Debug|Any CPU.ActiveCfg = Debug|Any CPU
		{84AF37C1-52A8-4F3F-8F2C-E7394E789523}.Debug|Any CPU.Build.0 = Debug|Any CPU
		{84AF37C1-52A8-4F3F-8F2C-E7394E789523}.Debug|x64.ActiveCfg = Debug|Any CPU
		{84AF37C1-52A8-4F3F-8F2C-E7394E789523}.Debug|x64.Build.0 = Debug|Any CPU
		{84AF37C1-52A8-4F3F-8F2C-E7394E789523}.Debug|x86.ActiveCfg = Debug|Any CPU
		{84AF37C1-52A8-4F3F-8F2C-E7394E789523}.Debug|x86.Build.0 = Debug|Any CPU
		{84AF37C1-52A8-4F3F-8F2C-E7394E789523}.Release|Any CPU.ActiveCfg = Release|Any CPU
		{84AF37C1-52A8-4F3F-8F2C-E7394E789523}.Release|Any CPU.Build.0 = Release|Any CPU
		{84AF37C1-52A8-4F3F-8F2C-E7394E789523}.Release|x64.ActiveCfg = Release|Any CPU
		{84AF37C1-52A8-4F3F-8F2C-E7394E789523}.Release|x64.Build.0 = Release|Any CPU
		{84AF37C1-52A8-4F3F-8F2C-E7394E789523}.Release|x86.ActiveCfg = Release|Any CPU
		{84AF37C1-52A8-4F3F-8F2C-E7394E789523}.Release|x86.Build.0 = Release|Any CPU
		{75110CC0-5A94-4491-BA7E-234ACC39106D}.Debug|Any CPU.ActiveCfg = Debug|Any CPU
		{75110CC0-5A94-4491-BA7E-234ACC39106D}.Debug|Any CPU.Build.0 = Debug|Any CPU
		{75110CC0-5A94-4491-BA7E-234ACC39106D}.Debug|x64.ActiveCfg = Debug|Any CPU
		{75110CC0-5A94-4491-BA7E-234ACC39106D}.Debug|x64.Build.0 = Debug|Any CPU
		{75110CC0-5A94-4491-BA7E-234ACC39106D}.Debug|x86.ActiveCfg = Debug|Any CPU
		{75110CC0-5A94-4491-BA7E-234ACC39106D}.Debug|x86.Build.0 = Debug|Any CPU
		{75110CC0-5A94-4491-BA7E-234ACC39106D}.Release|Any CPU.ActiveCfg = Release|Any CPU
		{75110CC0-5A94-4491-BA7E-234ACC39106D}.Release|Any CPU.Build.0 = Release|Any CPU
		{75110CC0-5A94-4491-BA7E-234ACC39106D}.Release|x64.ActiveCfg = Release|Any CPU
		{75110CC0-5A94-4491-BA7E-234ACC39106D}.Release|x64.Build.0 = Release|Any CPU
		{75110CC0-5A94-4491-BA7E-234ACC39106D}.Release|x86.ActiveCfg = Release|Any CPU
		{75110CC0-5A94-4491-BA7E-234ACC39106D}.Release|x86.Build.0 = Release|Any CPU
		{8F1471D6-CEFA-4B4F-84C5-FB4B5CB035BD}.Debug|Any CPU.ActiveCfg = Debug|Any CPU
		{8F1471D6-CEFA-4B4F-84C5-FB4B5CB035BD}.Debug|Any CPU.Build.0 = Debug|Any CPU
		{8F1471D6-CEFA-4B4F-84C5-FB4B5CB035BD}.Debug|x64.ActiveCfg = Debug|Any CPU
		{8F1471D6-CEFA-4B4F-84C5-FB4B5CB035BD}.Debug|x64.Build.0 = Debug|Any CPU
		{8F1471D6-CEFA-4B4F-84C5-FB4B5CB035BD}.Debug|x86.ActiveCfg = Debug|Any CPU
		{8F1471D6-CEFA-4B4F-84C5-FB4B5CB035BD}.Debug|x86.Build.0 = Debug|Any CPU
		{8F1471D6-CEFA-4B4F-84C5-FB4B5CB035BD}.Release|Any CPU.ActiveCfg = Release|Any CPU
		{8F1471D6-CEFA-4B4F-84C5-FB4B5CB035BD}.Release|Any CPU.Build.0 = Release|Any CPU
		{8F1471D6-CEFA-4B4F-84C5-FB4B5CB035BD}.Release|x64.ActiveCfg = Release|Any CPU
		{8F1471D6-CEFA-4B4F-84C5-FB4B5CB035BD}.Release|x64.Build.0 = Release|Any CPU
		{8F1471D6-CEFA-4B4F-84C5-FB4B5CB035BD}.Release|x86.ActiveCfg = Release|Any CPU
		{8F1471D6-CEFA-4B4F-84C5-FB4B5CB035BD}.Release|x86.Build.0 = Release|Any CPU
		{A57D4155-3F27-4BDA-900E-1A39B022BE00}.Debug|Any CPU.ActiveCfg = Debug|Any CPU
		{A57D4155-3F27-4BDA-900E-1A39B022BE00}.Debug|Any CPU.Build.0 = Debug|Any CPU
		{A57D4155-3F27-4BDA-900E-1A39B022BE00}.Debug|x64.ActiveCfg = Debug|Any CPU
		{A57D4155-3F27-4BDA-900E-1A39B022BE00}.Debug|x64.Build.0 = Debug|Any CPU
		{A57D4155-3F27-4BDA-900E-1A39B022BE00}.Debug|x86.ActiveCfg = Debug|Any CPU
		{A57D4155-3F27-4BDA-900E-1A39B022BE00}.Debug|x86.Build.0 = Debug|Any CPU
		{A57D4155-3F27-4BDA-900E-1A39B022BE00}.Release|Any CPU.ActiveCfg = Release|Any CPU
		{A57D4155-3F27-4BDA-900E-1A39B022BE00}.Release|Any CPU.Build.0 = Release|Any CPU
		{A57D4155-3F27-4BDA-900E-1A39B022BE00}.Release|x64.ActiveCfg = Release|Any CPU
		{A57D4155-3F27-4BDA-900E-1A39B022BE00}.Release|x64.Build.0 = Release|Any CPU
		{A57D4155-3F27-4BDA-900E-1A39B022BE00}.Release|x86.ActiveCfg = Release|Any CPU
		{A57D4155-3F27-4BDA-900E-1A39B022BE00}.Release|x86.Build.0 = Release|Any CPU
		{86E04393-86E7-4BBF-A9EF-9433B91E4988}.Debug|Any CPU.ActiveCfg = Debug|Any CPU
		{86E04393-86E7-4BBF-A9EF-9433B91E4988}.Debug|Any CPU.Build.0 = Debug|Any CPU
		{86E04393-86E7-4BBF-A9EF-9433B91E4988}.Debug|x64.ActiveCfg = Debug|Any CPU
		{86E04393-86E7-4BBF-A9EF-9433B91E4988}.Debug|x64.Build.0 = Debug|Any CPU
		{86E04393-86E7-4BBF-A9EF-9433B91E4988}.Debug|x86.ActiveCfg = Debug|Any CPU
		{86E04393-86E7-4BBF-A9EF-9433B91E4988}.Debug|x86.Build.0 = Debug|Any CPU
		{86E04393-86E7-4BBF-A9EF-9433B91E4988}.Release|Any CPU.ActiveCfg = Release|Any CPU
		{86E04393-86E7-4BBF-A9EF-9433B91E4988}.Release|Any CPU.Build.0 = Release|Any CPU
		{86E04393-86E7-4BBF-A9EF-9433B91E4988}.Release|x64.ActiveCfg = Release|Any CPU
		{86E04393-86E7-4BBF-A9EF-9433B91E4988}.Release|x64.Build.0 = Release|Any CPU
		{86E04393-86E7-4BBF-A9EF-9433B91E4988}.Release|x86.ActiveCfg = Release|Any CPU
		{86E04393-86E7-4BBF-A9EF-9433B91E4988}.Release|x86.Build.0 = Release|Any CPU
		{B9C9B2A4-562B-45BB-BD91-CE5027F41C3F}.Debug|Any CPU.ActiveCfg = Debug|Any CPU
		{B9C9B2A4-562B-45BB-BD91-CE5027F41C3F}.Debug|Any CPU.Build.0 = Debug|Any CPU
		{B9C9B2A4-562B-45BB-BD91-CE5027F41C3F}.Debug|x64.ActiveCfg = Debug|Any CPU
		{B9C9B2A4-562B-45BB-BD91-CE5027F41C3F}.Debug|x64.Build.0 = Debug|Any CPU
		{B9C9B2A4-562B-45BB-BD91-CE5027F41C3F}.Debug|x86.ActiveCfg = Debug|Any CPU
		{B9C9B2A4-562B-45BB-BD91-CE5027F41C3F}.Debug|x86.Build.0 = Debug|Any CPU
		{B9C9B2A4-562B-45BB-BD91-CE5027F41C3F}.Release|Any CPU.ActiveCfg = Release|Any CPU
		{B9C9B2A4-562B-45BB-BD91-CE5027F41C3F}.Release|Any CPU.Build.0 = Release|Any CPU
		{B9C9B2A4-562B-45BB-BD91-CE5027F41C3F}.Release|x64.ActiveCfg = Release|Any CPU
		{B9C9B2A4-562B-45BB-BD91-CE5027F41C3F}.Release|x64.Build.0 = Release|Any CPU
		{B9C9B2A4-562B-45BB-BD91-CE5027F41C3F}.Release|x86.ActiveCfg = Release|Any CPU
		{B9C9B2A4-562B-45BB-BD91-CE5027F41C3F}.Release|x86.Build.0 = Release|Any CPU
		{435B3E59-C5B2-412A-86DC-795F1E52C223}.Debug|Any CPU.ActiveCfg = Debug|Any CPU
		{435B3E59-C5B2-412A-86DC-795F1E52C223}.Debug|Any CPU.Build.0 = Debug|Any CPU
		{435B3E59-C5B2-412A-86DC-795F1E52C223}.Debug|x64.ActiveCfg = Debug|Any CPU
		{435B3E59-C5B2-412A-86DC-795F1E52C223}.Debug|x64.Build.0 = Debug|Any CPU
		{435B3E59-C5B2-412A-86DC-795F1E52C223}.Debug|x86.ActiveCfg = Debug|Any CPU
		{435B3E59-C5B2-412A-86DC-795F1E52C223}.Debug|x86.Build.0 = Debug|Any CPU
		{435B3E59-C5B2-412A-86DC-795F1E52C223}.Release|Any CPU.ActiveCfg = Release|Any CPU
		{435B3E59-C5B2-412A-86DC-795F1E52C223}.Release|Any CPU.Build.0 = Release|Any CPU
		{435B3E59-C5B2-412A-86DC-795F1E52C223}.Release|x64.ActiveCfg = Release|Any CPU
		{435B3E59-C5B2-412A-86DC-795F1E52C223}.Release|x64.Build.0 = Release|Any CPU
		{435B3E59-C5B2-412A-86DC-795F1E52C223}.Release|x86.ActiveCfg = Release|Any CPU
		{435B3E59-C5B2-412A-86DC-795F1E52C223}.Release|x86.Build.0 = Release|Any CPU
		{6E4E4453-36C8-42FC-9B8A-C8FEBCC6A643}.Debug|Any CPU.ActiveCfg = Debug|Any CPU
		{6E4E4453-36C8-42FC-9B8A-C8FEBCC6A643}.Debug|Any CPU.Build.0 = Debug|Any CPU
		{6E4E4453-36C8-42FC-9B8A-C8FEBCC6A643}.Debug|x64.ActiveCfg = Debug|Any CPU
		{6E4E4453-36C8-42FC-9B8A-C8FEBCC6A643}.Debug|x64.Build.0 = Debug|Any CPU
		{6E4E4453-36C8-42FC-9B8A-C8FEBCC6A643}.Debug|x86.ActiveCfg = Debug|Any CPU
		{6E4E4453-36C8-42FC-9B8A-C8FEBCC6A643}.Debug|x86.Build.0 = Debug|Any CPU
		{6E4E4453-36C8-42FC-9B8A-C8FEBCC6A643}.Release|Any CPU.ActiveCfg = Release|Any CPU
		{6E4E4453-36C8-42FC-9B8A-C8FEBCC6A643}.Release|Any CPU.Build.0 = Release|Any CPU
		{6E4E4453-36C8-42FC-9B8A-C8FEBCC6A643}.Release|x64.ActiveCfg = Release|Any CPU
		{6E4E4453-36C8-42FC-9B8A-C8FEBCC6A643}.Release|x64.Build.0 = Release|Any CPU
		{6E4E4453-36C8-42FC-9B8A-C8FEBCC6A643}.Release|x86.ActiveCfg = Release|Any CPU
		{6E4E4453-36C8-42FC-9B8A-C8FEBCC6A643}.Release|x86.Build.0 = Release|Any CPU
		{CAD2DE5B-A359-4E51-8138-A02FDCA8E2A6}.Debug|Any CPU.ActiveCfg = Debug|Any CPU
		{CAD2DE5B-A359-4E51-8138-A02FDCA8E2A6}.Debug|Any CPU.Build.0 = Debug|Any CPU
		{CAD2DE5B-A359-4E51-8138-A02FDCA8E2A6}.Debug|x64.ActiveCfg = Debug|Any CPU
		{CAD2DE5B-A359-4E51-8138-A02FDCA8E2A6}.Debug|x64.Build.0 = Debug|Any CPU
		{CAD2DE5B-A359-4E51-8138-A02FDCA8E2A6}.Debug|x86.ActiveCfg = Debug|Any CPU
		{CAD2DE5B-A359-4E51-8138-A02FDCA8E2A6}.Debug|x86.Build.0 = Debug|Any CPU
		{CAD2DE5B-A359-4E51-8138-A02FDCA8E2A6}.Release|Any CPU.ActiveCfg = Release|Any CPU
		{CAD2DE5B-A359-4E51-8138-A02FDCA8E2A6}.Release|Any CPU.Build.0 = Release|Any CPU
		{CAD2DE5B-A359-4E51-8138-A02FDCA8E2A6}.Release|x64.ActiveCfg = Release|Any CPU
		{CAD2DE5B-A359-4E51-8138-A02FDCA8E2A6}.Release|x64.Build.0 = Release|Any CPU
		{CAD2DE5B-A359-4E51-8138-A02FDCA8E2A6}.Release|x86.ActiveCfg = Release|Any CPU
		{CAD2DE5B-A359-4E51-8138-A02FDCA8E2A6}.Release|x86.Build.0 = Release|Any CPU
		{A3D2D2D1-413E-4367-B1D5-0AEEB1551240}.Debug|Any CPU.ActiveCfg = Debug|Any CPU
		{A3D2D2D1-413E-4367-B1D5-0AEEB1551240}.Debug|Any CPU.Build.0 = Debug|Any CPU
		{A3D2D2D1-413E-4367-B1D5-0AEEB1551240}.Debug|x64.ActiveCfg = Debug|Any CPU
		{A3D2D2D1-413E-4367-B1D5-0AEEB1551240}.Debug|x64.Build.0 = Debug|Any CPU
		{A3D2D2D1-413E-4367-B1D5-0AEEB1551240}.Debug|x86.ActiveCfg = Debug|Any CPU
		{A3D2D2D1-413E-4367-B1D5-0AEEB1551240}.Debug|x86.Build.0 = Debug|Any CPU
		{A3D2D2D1-413E-4367-B1D5-0AEEB1551240}.Release|Any CPU.ActiveCfg = Release|Any CPU
		{A3D2D2D1-413E-4367-B1D5-0AEEB1551240}.Release|Any CPU.Build.0 = Release|Any CPU
		{A3D2D2D1-413E-4367-B1D5-0AEEB1551240}.Release|x64.ActiveCfg = Release|Any CPU
		{A3D2D2D1-413E-4367-B1D5-0AEEB1551240}.Release|x64.Build.0 = Release|Any CPU
		{A3D2D2D1-413E-4367-B1D5-0AEEB1551240}.Release|x86.ActiveCfg = Release|Any CPU
		{A3D2D2D1-413E-4367-B1D5-0AEEB1551240}.Release|x86.Build.0 = Release|Any CPU
		{03FA4F94-962D-4324-B71E-D36E638D13D7}.Debug|Any CPU.ActiveCfg = Debug|Any CPU
		{03FA4F94-962D-4324-B71E-D36E638D13D7}.Debug|Any CPU.Build.0 = Debug|Any CPU
		{03FA4F94-962D-4324-B71E-D36E638D13D7}.Debug|x64.ActiveCfg = Debug|Any CPU
		{03FA4F94-962D-4324-B71E-D36E638D13D7}.Debug|x64.Build.0 = Debug|Any CPU
		{03FA4F94-962D-4324-B71E-D36E638D13D7}.Debug|x86.ActiveCfg = Debug|Any CPU
		{03FA4F94-962D-4324-B71E-D36E638D13D7}.Debug|x86.Build.0 = Debug|Any CPU
		{03FA4F94-962D-4324-B71E-D36E638D13D7}.Release|Any CPU.ActiveCfg = Release|Any CPU
		{03FA4F94-962D-4324-B71E-D36E638D13D7}.Release|Any CPU.Build.0 = Release|Any CPU
		{03FA4F94-962D-4324-B71E-D36E638D13D7}.Release|x64.ActiveCfg = Release|Any CPU
		{03FA4F94-962D-4324-B71E-D36E638D13D7}.Release|x64.Build.0 = Release|Any CPU
		{03FA4F94-962D-4324-B71E-D36E638D13D7}.Release|x86.ActiveCfg = Release|Any CPU
		{03FA4F94-962D-4324-B71E-D36E638D13D7}.Release|x86.Build.0 = Release|Any CPU
		{197B01F2-1974-46A1-9C40-7303E405BFA7}.Debug|Any CPU.ActiveCfg = Debug|Any CPU
		{197B01F2-1974-46A1-9C40-7303E405BFA7}.Debug|Any CPU.Build.0 = Debug|Any CPU
		{197B01F2-1974-46A1-9C40-7303E405BFA7}.Debug|x64.ActiveCfg = Debug|Any CPU
		{197B01F2-1974-46A1-9C40-7303E405BFA7}.Debug|x64.Build.0 = Debug|Any CPU
		{197B01F2-1974-46A1-9C40-7303E405BFA7}.Debug|x86.ActiveCfg = Debug|Any CPU
		{197B01F2-1974-46A1-9C40-7303E405BFA7}.Debug|x86.Build.0 = Debug|Any CPU
		{197B01F2-1974-46A1-9C40-7303E405BFA7}.Release|Any CPU.ActiveCfg = Release|Any CPU
		{197B01F2-1974-46A1-9C40-7303E405BFA7}.Release|Any CPU.Build.0 = Release|Any CPU
		{197B01F2-1974-46A1-9C40-7303E405BFA7}.Release|x64.ActiveCfg = Release|Any CPU
		{197B01F2-1974-46A1-9C40-7303E405BFA7}.Release|x64.Build.0 = Release|Any CPU
		{197B01F2-1974-46A1-9C40-7303E405BFA7}.Release|x86.ActiveCfg = Release|Any CPU
		{197B01F2-1974-46A1-9C40-7303E405BFA7}.Release|x86.Build.0 = Release|Any CPU
		{0C0BBD9A-1AC7-4B54-B725-03535AE033F1}.Debug|Any CPU.ActiveCfg = Debug|Any CPU
		{0C0BBD9A-1AC7-4B54-B725-03535AE033F1}.Debug|Any CPU.Build.0 = Debug|Any CPU
		{0C0BBD9A-1AC7-4B54-B725-03535AE033F1}.Debug|x64.ActiveCfg = Debug|Any CPU
		{0C0BBD9A-1AC7-4B54-B725-03535AE033F1}.Debug|x64.Build.0 = Debug|Any CPU
		{0C0BBD9A-1AC7-4B54-B725-03535AE033F1}.Debug|x86.ActiveCfg = Debug|Any CPU
		{0C0BBD9A-1AC7-4B54-B725-03535AE033F1}.Debug|x86.Build.0 = Debug|Any CPU
		{0C0BBD9A-1AC7-4B54-B725-03535AE033F1}.Release|Any CPU.ActiveCfg = Release|Any CPU
		{0C0BBD9A-1AC7-4B54-B725-03535AE033F1}.Release|Any CPU.Build.0 = Release|Any CPU
		{0C0BBD9A-1AC7-4B54-B725-03535AE033F1}.Release|x64.ActiveCfg = Release|Any CPU
		{0C0BBD9A-1AC7-4B54-B725-03535AE033F1}.Release|x64.Build.0 = Release|Any CPU
		{0C0BBD9A-1AC7-4B54-B725-03535AE033F1}.Release|x86.ActiveCfg = Release|Any CPU
		{0C0BBD9A-1AC7-4B54-B725-03535AE033F1}.Release|x86.Build.0 = Release|Any CPU
		{1093E8A9-77C3-43A0-ACA2-E0857EC19AED}.Debug|Any CPU.ActiveCfg = Debug|Any CPU
		{1093E8A9-77C3-43A0-ACA2-E0857EC19AED}.Debug|Any CPU.Build.0 = Debug|Any CPU
		{1093E8A9-77C3-43A0-ACA2-E0857EC19AED}.Debug|x64.ActiveCfg = Debug|Any CPU
		{1093E8A9-77C3-43A0-ACA2-E0857EC19AED}.Debug|x64.Build.0 = Debug|Any CPU
		{1093E8A9-77C3-43A0-ACA2-E0857EC19AED}.Debug|x86.ActiveCfg = Debug|Any CPU
		{1093E8A9-77C3-43A0-ACA2-E0857EC19AED}.Debug|x86.Build.0 = Debug|Any CPU
		{1093E8A9-77C3-43A0-ACA2-E0857EC19AED}.Release|Any CPU.ActiveCfg = Release|Any CPU
		{1093E8A9-77C3-43A0-ACA2-E0857EC19AED}.Release|Any CPU.Build.0 = Release|Any CPU
		{1093E8A9-77C3-43A0-ACA2-E0857EC19AED}.Release|x64.ActiveCfg = Release|Any CPU
		{1093E8A9-77C3-43A0-ACA2-E0857EC19AED}.Release|x64.Build.0 = Release|Any CPU
		{1093E8A9-77C3-43A0-ACA2-E0857EC19AED}.Release|x86.ActiveCfg = Release|Any CPU
		{1093E8A9-77C3-43A0-ACA2-E0857EC19AED}.Release|x86.Build.0 = Release|Any CPU
		{FC2045E2-A48F-4389-9F72-90EDE8918FCC}.Debug|Any CPU.ActiveCfg = Debug|Any CPU
		{FC2045E2-A48F-4389-9F72-90EDE8918FCC}.Debug|Any CPU.Build.0 = Debug|Any CPU
		{FC2045E2-A48F-4389-9F72-90EDE8918FCC}.Debug|x64.ActiveCfg = Debug|Any CPU
		{FC2045E2-A48F-4389-9F72-90EDE8918FCC}.Debug|x64.Build.0 = Debug|Any CPU
		{FC2045E2-A48F-4389-9F72-90EDE8918FCC}.Debug|x86.ActiveCfg = Debug|Any CPU
		{FC2045E2-A48F-4389-9F72-90EDE8918FCC}.Debug|x86.Build.0 = Debug|Any CPU
		{FC2045E2-A48F-4389-9F72-90EDE8918FCC}.Release|Any CPU.ActiveCfg = Release|Any CPU
		{FC2045E2-A48F-4389-9F72-90EDE8918FCC}.Release|Any CPU.Build.0 = Release|Any CPU
		{FC2045E2-A48F-4389-9F72-90EDE8918FCC}.Release|x64.ActiveCfg = Release|Any CPU
		{FC2045E2-A48F-4389-9F72-90EDE8918FCC}.Release|x64.Build.0 = Release|Any CPU
		{FC2045E2-A48F-4389-9F72-90EDE8918FCC}.Release|x86.ActiveCfg = Release|Any CPU
		{FC2045E2-A48F-4389-9F72-90EDE8918FCC}.Release|x86.Build.0 = Release|Any CPU
		{9B3D5A8F-16CD-4644-A239-EC2519195C80}.Debug|Any CPU.ActiveCfg = Debug|Any CPU
		{9B3D5A8F-16CD-4644-A239-EC2519195C80}.Debug|Any CPU.Build.0 = Debug|Any CPU
		{9B3D5A8F-16CD-4644-A239-EC2519195C80}.Debug|x64.ActiveCfg = Debug|Any CPU
		{9B3D5A8F-16CD-4644-A239-EC2519195C80}.Debug|x64.Build.0 = Debug|Any CPU
		{9B3D5A8F-16CD-4644-A239-EC2519195C80}.Debug|x86.ActiveCfg = Debug|Any CPU
		{9B3D5A8F-16CD-4644-A239-EC2519195C80}.Debug|x86.Build.0 = Debug|Any CPU
		{9B3D5A8F-16CD-4644-A239-EC2519195C80}.Release|Any CPU.ActiveCfg = Release|Any CPU
		{9B3D5A8F-16CD-4644-A239-EC2519195C80}.Release|Any CPU.Build.0 = Release|Any CPU
		{9B3D5A8F-16CD-4644-A239-EC2519195C80}.Release|x64.ActiveCfg = Release|Any CPU
		{9B3D5A8F-16CD-4644-A239-EC2519195C80}.Release|x64.Build.0 = Release|Any CPU
		{9B3D5A8F-16CD-4644-A239-EC2519195C80}.Release|x86.ActiveCfg = Release|Any CPU
		{9B3D5A8F-16CD-4644-A239-EC2519195C80}.Release|x86.Build.0 = Release|Any CPU
		{BB30719A-3461-493E-972F-F6CEF534163E}.Debug|Any CPU.ActiveCfg = Debug|Any CPU
		{BB30719A-3461-493E-972F-F6CEF534163E}.Debug|Any CPU.Build.0 = Debug|Any CPU
		{BB30719A-3461-493E-972F-F6CEF534163E}.Debug|x64.ActiveCfg = Debug|Any CPU
		{BB30719A-3461-493E-972F-F6CEF534163E}.Debug|x64.Build.0 = Debug|Any CPU
		{BB30719A-3461-493E-972F-F6CEF534163E}.Debug|x86.ActiveCfg = Debug|Any CPU
		{BB30719A-3461-493E-972F-F6CEF534163E}.Debug|x86.Build.0 = Debug|Any CPU
		{BB30719A-3461-493E-972F-F6CEF534163E}.Release|Any CPU.ActiveCfg = Release|Any CPU
		{BB30719A-3461-493E-972F-F6CEF534163E}.Release|Any CPU.Build.0 = Release|Any CPU
		{BB30719A-3461-493E-972F-F6CEF534163E}.Release|x64.ActiveCfg = Release|Any CPU
		{BB30719A-3461-493E-972F-F6CEF534163E}.Release|x64.Build.0 = Release|Any CPU
		{BB30719A-3461-493E-972F-F6CEF534163E}.Release|x86.ActiveCfg = Release|Any CPU
		{BB30719A-3461-493E-972F-F6CEF534163E}.Release|x86.Build.0 = Release|Any CPU
		{9ECB1F3B-3076-4C98-9ECA-6ACE8C8CAB2A}.Debug|Any CPU.ActiveCfg = Debug|Any CPU
		{9ECB1F3B-3076-4C98-9ECA-6ACE8C8CAB2A}.Debug|Any CPU.Build.0 = Debug|Any CPU
		{9ECB1F3B-3076-4C98-9ECA-6ACE8C8CAB2A}.Debug|x64.ActiveCfg = Debug|Any CPU
		{9ECB1F3B-3076-4C98-9ECA-6ACE8C8CAB2A}.Debug|x64.Build.0 = Debug|Any CPU
		{9ECB1F3B-3076-4C98-9ECA-6ACE8C8CAB2A}.Debug|x86.ActiveCfg = Debug|Any CPU
		{9ECB1F3B-3076-4C98-9ECA-6ACE8C8CAB2A}.Debug|x86.Build.0 = Debug|Any CPU
		{9ECB1F3B-3076-4C98-9ECA-6ACE8C8CAB2A}.Release|Any CPU.ActiveCfg = Release|Any CPU
		{9ECB1F3B-3076-4C98-9ECA-6ACE8C8CAB2A}.Release|Any CPU.Build.0 = Release|Any CPU
		{9ECB1F3B-3076-4C98-9ECA-6ACE8C8CAB2A}.Release|x64.ActiveCfg = Release|Any CPU
		{9ECB1F3B-3076-4C98-9ECA-6ACE8C8CAB2A}.Release|x64.Build.0 = Release|Any CPU
		{9ECB1F3B-3076-4C98-9ECA-6ACE8C8CAB2A}.Release|x86.ActiveCfg = Release|Any CPU
		{9ECB1F3B-3076-4C98-9ECA-6ACE8C8CAB2A}.Release|x86.Build.0 = Release|Any CPU
		{E6476EE0-71CA-4E5D-BE05-E57825E8AECB}.Debug|Any CPU.ActiveCfg = Debug|Any CPU
		{E6476EE0-71CA-4E5D-BE05-E57825E8AECB}.Debug|Any CPU.Build.0 = Debug|Any CPU
		{E6476EE0-71CA-4E5D-BE05-E57825E8AECB}.Debug|x64.ActiveCfg = Debug|Any CPU
		{E6476EE0-71CA-4E5D-BE05-E57825E8AECB}.Debug|x64.Build.0 = Debug|Any CPU
		{E6476EE0-71CA-4E5D-BE05-E57825E8AECB}.Debug|x86.ActiveCfg = Debug|Any CPU
		{E6476EE0-71CA-4E5D-BE05-E57825E8AECB}.Debug|x86.Build.0 = Debug|Any CPU
		{E6476EE0-71CA-4E5D-BE05-E57825E8AECB}.Release|Any CPU.ActiveCfg = Release|Any CPU
		{E6476EE0-71CA-4E5D-BE05-E57825E8AECB}.Release|Any CPU.Build.0 = Release|Any CPU
		{E6476EE0-71CA-4E5D-BE05-E57825E8AECB}.Release|x64.ActiveCfg = Release|Any CPU
		{E6476EE0-71CA-4E5D-BE05-E57825E8AECB}.Release|x64.Build.0 = Release|Any CPU
		{E6476EE0-71CA-4E5D-BE05-E57825E8AECB}.Release|x86.ActiveCfg = Release|Any CPU
		{E6476EE0-71CA-4E5D-BE05-E57825E8AECB}.Release|x86.Build.0 = Release|Any CPU
		{984CD20C-0F0A-4458-A3ED-6CC9BE2A1DC8}.Debug|Any CPU.ActiveCfg = Debug|Any CPU
		{984CD20C-0F0A-4458-A3ED-6CC9BE2A1DC8}.Debug|Any CPU.Build.0 = Debug|Any CPU
		{984CD20C-0F0A-4458-A3ED-6CC9BE2A1DC8}.Debug|x64.ActiveCfg = Debug|Any CPU
		{984CD20C-0F0A-4458-A3ED-6CC9BE2A1DC8}.Debug|x64.Build.0 = Debug|Any CPU
		{984CD20C-0F0A-4458-A3ED-6CC9BE2A1DC8}.Debug|x86.ActiveCfg = Debug|Any CPU
		{984CD20C-0F0A-4458-A3ED-6CC9BE2A1DC8}.Debug|x86.Build.0 = Debug|Any CPU
		{984CD20C-0F0A-4458-A3ED-6CC9BE2A1DC8}.Release|Any CPU.ActiveCfg = Release|Any CPU
		{984CD20C-0F0A-4458-A3ED-6CC9BE2A1DC8}.Release|Any CPU.Build.0 = Release|Any CPU
		{984CD20C-0F0A-4458-A3ED-6CC9BE2A1DC8}.Release|x64.ActiveCfg = Release|Any CPU
		{984CD20C-0F0A-4458-A3ED-6CC9BE2A1DC8}.Release|x64.Build.0 = Release|Any CPU
		{984CD20C-0F0A-4458-A3ED-6CC9BE2A1DC8}.Release|x86.ActiveCfg = Release|Any CPU
		{984CD20C-0F0A-4458-A3ED-6CC9BE2A1DC8}.Release|x86.Build.0 = Release|Any CPU
		{20D9470B-F39E-4E67-A00D-9714D6E857DE}.Debug|Any CPU.ActiveCfg = Debug|Any CPU
		{20D9470B-F39E-4E67-A00D-9714D6E857DE}.Debug|Any CPU.Build.0 = Debug|Any CPU
		{20D9470B-F39E-4E67-A00D-9714D6E857DE}.Debug|x64.ActiveCfg = Debug|Any CPU
		{20D9470B-F39E-4E67-A00D-9714D6E857DE}.Debug|x64.Build.0 = Debug|Any CPU
		{20D9470B-F39E-4E67-A00D-9714D6E857DE}.Debug|x86.ActiveCfg = Debug|Any CPU
		{20D9470B-F39E-4E67-A00D-9714D6E857DE}.Debug|x86.Build.0 = Debug|Any CPU
		{20D9470B-F39E-4E67-A00D-9714D6E857DE}.Release|Any CPU.ActiveCfg = Release|Any CPU
		{20D9470B-F39E-4E67-A00D-9714D6E857DE}.Release|Any CPU.Build.0 = Release|Any CPU
		{20D9470B-F39E-4E67-A00D-9714D6E857DE}.Release|x64.ActiveCfg = Release|Any CPU
		{20D9470B-F39E-4E67-A00D-9714D6E857DE}.Release|x64.Build.0 = Release|Any CPU
		{20D9470B-F39E-4E67-A00D-9714D6E857DE}.Release|x86.ActiveCfg = Release|Any CPU
		{20D9470B-F39E-4E67-A00D-9714D6E857DE}.Release|x86.Build.0 = Release|Any CPU
		{5D54DD79-59AA-4C85-8ECA-CAC59D86F251}.Debug|Any CPU.ActiveCfg = Debug|Any CPU
		{5D54DD79-59AA-4C85-8ECA-CAC59D86F251}.Debug|Any CPU.Build.0 = Debug|Any CPU
		{5D54DD79-59AA-4C85-8ECA-CAC59D86F251}.Debug|x64.ActiveCfg = Debug|Any CPU
		{5D54DD79-59AA-4C85-8ECA-CAC59D86F251}.Debug|x64.Build.0 = Debug|Any CPU
		{5D54DD79-59AA-4C85-8ECA-CAC59D86F251}.Debug|x86.ActiveCfg = Debug|Any CPU
		{5D54DD79-59AA-4C85-8ECA-CAC59D86F251}.Debug|x86.Build.0 = Debug|Any CPU
		{5D54DD79-59AA-4C85-8ECA-CAC59D86F251}.Release|Any CPU.ActiveCfg = Release|Any CPU
		{5D54DD79-59AA-4C85-8ECA-CAC59D86F251}.Release|Any CPU.Build.0 = Release|Any CPU
		{5D54DD79-59AA-4C85-8ECA-CAC59D86F251}.Release|x64.ActiveCfg = Release|Any CPU
		{5D54DD79-59AA-4C85-8ECA-CAC59D86F251}.Release|x64.Build.0 = Release|Any CPU
		{5D54DD79-59AA-4C85-8ECA-CAC59D86F251}.Release|x86.ActiveCfg = Release|Any CPU
		{5D54DD79-59AA-4C85-8ECA-CAC59D86F251}.Release|x86.Build.0 = Release|Any CPU
		{F10A1DEA-545F-4C9F-AFA1-A115726BD415}.Debug|Any CPU.ActiveCfg = Debug|Any CPU
		{F10A1DEA-545F-4C9F-AFA1-A115726BD415}.Debug|Any CPU.Build.0 = Debug|Any CPU
		{F10A1DEA-545F-4C9F-AFA1-A115726BD415}.Debug|x64.ActiveCfg = Debug|Any CPU
		{F10A1DEA-545F-4C9F-AFA1-A115726BD415}.Debug|x64.Build.0 = Debug|Any CPU
		{F10A1DEA-545F-4C9F-AFA1-A115726BD415}.Debug|x86.ActiveCfg = Debug|Any CPU
		{F10A1DEA-545F-4C9F-AFA1-A115726BD415}.Debug|x86.Build.0 = Debug|Any CPU
		{F10A1DEA-545F-4C9F-AFA1-A115726BD415}.Release|Any CPU.ActiveCfg = Release|Any CPU
		{F10A1DEA-545F-4C9F-AFA1-A115726BD415}.Release|Any CPU.Build.0 = Release|Any CPU
		{F10A1DEA-545F-4C9F-AFA1-A115726BD415}.Release|x64.ActiveCfg = Release|Any CPU
		{F10A1DEA-545F-4C9F-AFA1-A115726BD415}.Release|x64.Build.0 = Release|Any CPU
		{F10A1DEA-545F-4C9F-AFA1-A115726BD415}.Release|x86.ActiveCfg = Release|Any CPU
		{F10A1DEA-545F-4C9F-AFA1-A115726BD415}.Release|x86.Build.0 = Release|Any CPU
		{0330D3D5-5A97-4F6D-AE22-993256ABDFEE}.Debug|Any CPU.ActiveCfg = Debug|Any CPU
		{0330D3D5-5A97-4F6D-AE22-993256ABDFEE}.Debug|Any CPU.Build.0 = Debug|Any CPU
		{0330D3D5-5A97-4F6D-AE22-993256ABDFEE}.Debug|x64.ActiveCfg = Debug|Any CPU
		{0330D3D5-5A97-4F6D-AE22-993256ABDFEE}.Debug|x64.Build.0 = Debug|Any CPU
		{0330D3D5-5A97-4F6D-AE22-993256ABDFEE}.Debug|x86.ActiveCfg = Debug|Any CPU
		{0330D3D5-5A97-4F6D-AE22-993256ABDFEE}.Debug|x86.Build.0 = Debug|Any CPU
		{0330D3D5-5A97-4F6D-AE22-993256ABDFEE}.Release|Any CPU.ActiveCfg = Release|Any CPU
		{0330D3D5-5A97-4F6D-AE22-993256ABDFEE}.Release|Any CPU.Build.0 = Release|Any CPU
		{0330D3D5-5A97-4F6D-AE22-993256ABDFEE}.Release|x64.ActiveCfg = Release|Any CPU
		{0330D3D5-5A97-4F6D-AE22-993256ABDFEE}.Release|x64.Build.0 = Release|Any CPU
		{0330D3D5-5A97-4F6D-AE22-993256ABDFEE}.Release|x86.ActiveCfg = Release|Any CPU
		{0330D3D5-5A97-4F6D-AE22-993256ABDFEE}.Release|x86.Build.0 = Release|Any CPU
		{565FC442-5E49-42AD-AC33-14AD14E11961}.Debug|Any CPU.ActiveCfg = Debug|Any CPU
		{565FC442-5E49-42AD-AC33-14AD14E11961}.Debug|Any CPU.Build.0 = Debug|Any CPU
		{565FC442-5E49-42AD-AC33-14AD14E11961}.Debug|x64.ActiveCfg = Debug|Any CPU
		{565FC442-5E49-42AD-AC33-14AD14E11961}.Debug|x64.Build.0 = Debug|Any CPU
		{565FC442-5E49-42AD-AC33-14AD14E11961}.Debug|x86.ActiveCfg = Debug|Any CPU
		{565FC442-5E49-42AD-AC33-14AD14E11961}.Debug|x86.Build.0 = Debug|Any CPU
		{565FC442-5E49-42AD-AC33-14AD14E11961}.Release|Any CPU.ActiveCfg = Release|Any CPU
		{565FC442-5E49-42AD-AC33-14AD14E11961}.Release|Any CPU.Build.0 = Release|Any CPU
		{565FC442-5E49-42AD-AC33-14AD14E11961}.Release|x64.ActiveCfg = Release|Any CPU
		{565FC442-5E49-42AD-AC33-14AD14E11961}.Release|x64.Build.0 = Release|Any CPU
		{565FC442-5E49-42AD-AC33-14AD14E11961}.Release|x86.ActiveCfg = Release|Any CPU
		{565FC442-5E49-42AD-AC33-14AD14E11961}.Release|x86.Build.0 = Release|Any CPU
		{F6BB74C6-971A-44D7-BC10-3B37B74DE264}.Debug|Any CPU.ActiveCfg = Debug|Any CPU
		{F6BB74C6-971A-44D7-BC10-3B37B74DE264}.Debug|Any CPU.Build.0 = Debug|Any CPU
		{F6BB74C6-971A-44D7-BC10-3B37B74DE264}.Debug|x64.ActiveCfg = Debug|Any CPU
		{F6BB74C6-971A-44D7-BC10-3B37B74DE264}.Debug|x64.Build.0 = Debug|Any CPU
		{F6BB74C6-971A-44D7-BC10-3B37B74DE264}.Debug|x86.ActiveCfg = Debug|Any CPU
		{F6BB74C6-971A-44D7-BC10-3B37B74DE264}.Debug|x86.Build.0 = Debug|Any CPU
		{F6BB74C6-971A-44D7-BC10-3B37B74DE264}.Release|Any CPU.ActiveCfg = Release|Any CPU
		{F6BB74C6-971A-44D7-BC10-3B37B74DE264}.Release|Any CPU.Build.0 = Release|Any CPU
		{F6BB74C6-971A-44D7-BC10-3B37B74DE264}.Release|x64.ActiveCfg = Release|Any CPU
		{F6BB74C6-971A-44D7-BC10-3B37B74DE264}.Release|x64.Build.0 = Release|Any CPU
		{F6BB74C6-971A-44D7-BC10-3B37B74DE264}.Release|x86.ActiveCfg = Release|Any CPU
		{F6BB74C6-971A-44D7-BC10-3B37B74DE264}.Release|x86.Build.0 = Release|Any CPU
		{8B54C3E2-5F8B-471B-83DF-26239DF1C5C8}.Debug|Any CPU.ActiveCfg = Debug|Any CPU
		{8B54C3E2-5F8B-471B-83DF-26239DF1C5C8}.Debug|Any CPU.Build.0 = Debug|Any CPU
		{8B54C3E2-5F8B-471B-83DF-26239DF1C5C8}.Debug|x64.ActiveCfg = Debug|Any CPU
		{8B54C3E2-5F8B-471B-83DF-26239DF1C5C8}.Debug|x64.Build.0 = Debug|Any CPU
		{8B54C3E2-5F8B-471B-83DF-26239DF1C5C8}.Debug|x86.ActiveCfg = Debug|Any CPU
		{8B54C3E2-5F8B-471B-83DF-26239DF1C5C8}.Debug|x86.Build.0 = Debug|Any CPU
		{8B54C3E2-5F8B-471B-83DF-26239DF1C5C8}.Release|Any CPU.ActiveCfg = Release|Any CPU
		{8B54C3E2-5F8B-471B-83DF-26239DF1C5C8}.Release|Any CPU.Build.0 = Release|Any CPU
		{8B54C3E2-5F8B-471B-83DF-26239DF1C5C8}.Release|x64.ActiveCfg = Release|Any CPU
		{8B54C3E2-5F8B-471B-83DF-26239DF1C5C8}.Release|x64.Build.0 = Release|Any CPU
		{8B54C3E2-5F8B-471B-83DF-26239DF1C5C8}.Release|x86.ActiveCfg = Release|Any CPU
		{8B54C3E2-5F8B-471B-83DF-26239DF1C5C8}.Release|x86.Build.0 = Release|Any CPU
		{1C8C9F58-A63E-4ED6-A185-F26F672EEDE0}.Debug|Any CPU.ActiveCfg = Debug|Any CPU
		{1C8C9F58-A63E-4ED6-A185-F26F672EEDE0}.Debug|Any CPU.Build.0 = Debug|Any CPU
		{1C8C9F58-A63E-4ED6-A185-F26F672EEDE0}.Debug|x64.ActiveCfg = Debug|Any CPU
		{1C8C9F58-A63E-4ED6-A185-F26F672EEDE0}.Debug|x64.Build.0 = Debug|Any CPU
		{1C8C9F58-A63E-4ED6-A185-F26F672EEDE0}.Debug|x86.ActiveCfg = Debug|Any CPU
		{1C8C9F58-A63E-4ED6-A185-F26F672EEDE0}.Debug|x86.Build.0 = Debug|Any CPU
		{1C8C9F58-A63E-4ED6-A185-F26F672EEDE0}.Release|Any CPU.ActiveCfg = Release|Any CPU
		{1C8C9F58-A63E-4ED6-A185-F26F672EEDE0}.Release|Any CPU.Build.0 = Release|Any CPU
		{1C8C9F58-A63E-4ED6-A185-F26F672EEDE0}.Release|x64.ActiveCfg = Release|Any CPU
		{1C8C9F58-A63E-4ED6-A185-F26F672EEDE0}.Release|x64.Build.0 = Release|Any CPU
		{1C8C9F58-A63E-4ED6-A185-F26F672EEDE0}.Release|x86.ActiveCfg = Release|Any CPU
		{1C8C9F58-A63E-4ED6-A185-F26F672EEDE0}.Release|x86.Build.0 = Release|Any CPU
		{46397A4D-287C-410E-BDE9-1F09D7E64EF0}.Debug|Any CPU.ActiveCfg = Debug|Any CPU
		{46397A4D-287C-410E-BDE9-1F09D7E64EF0}.Debug|Any CPU.Build.0 = Debug|Any CPU
		{46397A4D-287C-410E-BDE9-1F09D7E64EF0}.Debug|x64.ActiveCfg = Debug|Any CPU
		{46397A4D-287C-410E-BDE9-1F09D7E64EF0}.Debug|x64.Build.0 = Debug|Any CPU
		{46397A4D-287C-410E-BDE9-1F09D7E64EF0}.Debug|x86.ActiveCfg = Debug|Any CPU
		{46397A4D-287C-410E-BDE9-1F09D7E64EF0}.Debug|x86.Build.0 = Debug|Any CPU
		{46397A4D-287C-410E-BDE9-1F09D7E64EF0}.Release|Any CPU.ActiveCfg = Release|Any CPU
		{46397A4D-287C-410E-BDE9-1F09D7E64EF0}.Release|Any CPU.Build.0 = Release|Any CPU
		{46397A4D-287C-410E-BDE9-1F09D7E64EF0}.Release|x64.ActiveCfg = Release|Any CPU
		{46397A4D-287C-410E-BDE9-1F09D7E64EF0}.Release|x64.Build.0 = Release|Any CPU
		{46397A4D-287C-410E-BDE9-1F09D7E64EF0}.Release|x86.ActiveCfg = Release|Any CPU
		{46397A4D-287C-410E-BDE9-1F09D7E64EF0}.Release|x86.Build.0 = Release|Any CPU
		{12E352F9-40EE-4C12-BD9D-5B4ABDEB5487}.Debug|Any CPU.ActiveCfg = Debug|Any CPU
		{12E352F9-40EE-4C12-BD9D-5B4ABDEB5487}.Debug|Any CPU.Build.0 = Debug|Any CPU
		{12E352F9-40EE-4C12-BD9D-5B4ABDEB5487}.Debug|x64.ActiveCfg = Debug|Any CPU
		{12E352F9-40EE-4C12-BD9D-5B4ABDEB5487}.Debug|x64.Build.0 = Debug|Any CPU
		{12E352F9-40EE-4C12-BD9D-5B4ABDEB5487}.Debug|x86.ActiveCfg = Debug|Any CPU
		{12E352F9-40EE-4C12-BD9D-5B4ABDEB5487}.Debug|x86.Build.0 = Debug|Any CPU
		{12E352F9-40EE-4C12-BD9D-5B4ABDEB5487}.Release|Any CPU.ActiveCfg = Release|Any CPU
		{12E352F9-40EE-4C12-BD9D-5B4ABDEB5487}.Release|Any CPU.Build.0 = Release|Any CPU
		{12E352F9-40EE-4C12-BD9D-5B4ABDEB5487}.Release|x64.ActiveCfg = Release|Any CPU
		{12E352F9-40EE-4C12-BD9D-5B4ABDEB5487}.Release|x64.Build.0 = Release|Any CPU
		{12E352F9-40EE-4C12-BD9D-5B4ABDEB5487}.Release|x86.ActiveCfg = Release|Any CPU
		{12E352F9-40EE-4C12-BD9D-5B4ABDEB5487}.Release|x86.Build.0 = Release|Any CPU
		{D6BDA325-9615-42F5-8D42-EEF27F9E7339}.Debug|Any CPU.ActiveCfg = Debug|Any CPU
		{D6BDA325-9615-42F5-8D42-EEF27F9E7339}.Debug|Any CPU.Build.0 = Debug|Any CPU
		{D6BDA325-9615-42F5-8D42-EEF27F9E7339}.Debug|x64.ActiveCfg = Debug|Any CPU
		{D6BDA325-9615-42F5-8D42-EEF27F9E7339}.Debug|x64.Build.0 = Debug|Any CPU
		{D6BDA325-9615-42F5-8D42-EEF27F9E7339}.Debug|x86.ActiveCfg = Debug|Any CPU
		{D6BDA325-9615-42F5-8D42-EEF27F9E7339}.Debug|x86.Build.0 = Debug|Any CPU
		{D6BDA325-9615-42F5-8D42-EEF27F9E7339}.Release|Any CPU.ActiveCfg = Release|Any CPU
		{D6BDA325-9615-42F5-8D42-EEF27F9E7339}.Release|Any CPU.Build.0 = Release|Any CPU
		{D6BDA325-9615-42F5-8D42-EEF27F9E7339}.Release|x64.ActiveCfg = Release|Any CPU
		{D6BDA325-9615-42F5-8D42-EEF27F9E7339}.Release|x64.Build.0 = Release|Any CPU
		{D6BDA325-9615-42F5-8D42-EEF27F9E7339}.Release|x86.ActiveCfg = Release|Any CPU
		{D6BDA325-9615-42F5-8D42-EEF27F9E7339}.Release|x86.Build.0 = Release|Any CPU
	EndGlobalSection
	GlobalSection(SolutionProperties) = preSolution
		HideSolutionNode = FALSE
	EndGlobalSection
	GlobalSection(NestedProjects) = preSolution
		{ED67A1EA-E467-4ABC-B627-8D8A184E20E9} = {827E0CD3-B72D-47B6-A68D-7590B98EB39B}
		{06B21109-54A2-47FD-B701-C5B572059F88} = {0AB3BF05-4346-4AA6-1389-037BE0695223}
		{603D8145-0AD4-44BE-A730-678B9BE015E1} = {0AB3BF05-4346-4AA6-1389-037BE0695223}
		{D1B4CF99-7947-DD6C-81D0-5B5B3989814C} = {827E0CD3-B72D-47B6-A68D-7590B98EB39B}
		{D93CAD63-3252-5A7F-9C37-FCA27F08B606} = {D1B4CF99-7947-DD6C-81D0-5B5B3989814C}
		{F905EB30-20A0-42F6-9035-98C27D1CCF81} = {D93CAD63-3252-5A7F-9C37-FCA27F08B606}
		{EBC55A44-EF7F-4D3E-8E94-8848C00C3059} = {D93CAD63-3252-5A7F-9C37-FCA27F08B606}
		{CE4B62D4-26FD-4C6A-B1C4-6871A057CE3F} = {D93CAD63-3252-5A7F-9C37-FCA27F08B606}
		{C1E54278-5FE4-4370-AA98-AB20F037AD6A} = {D93CAD63-3252-5A7F-9C37-FCA27F08B606}
		{1982CF30-6D02-45F6-808A-C35A75623343} = {D93CAD63-3252-5A7F-9C37-FCA27F08B606}
		{ABCDCFAB-666F-40FA-906F-AFC3916E25D3} = {D93CAD63-3252-5A7F-9C37-FCA27F08B606}
		{69C45190-79DC-4F2F-B0D2-0FD84B77F8A9} = {D93CAD63-3252-5A7F-9C37-FCA27F08B606}
		{FAD8476C-AE4E-4298-9F08-044ED3C0BA08} = {D93CAD63-3252-5A7F-9C37-FCA27F08B606}
		{02668954-D273-4140-9FD2-1BDE615A401E} = {D93CAD63-3252-5A7F-9C37-FCA27F08B606}
		{8565CE50-713C-4336-88AD-EAC732DC921A} = {D93CAD63-3252-5A7F-9C37-FCA27F08B606}
		{5D83CDEA-106C-4002-BCC9-1F2BBB63EBE5} = {D93CAD63-3252-5A7F-9C37-FCA27F08B606}
		{F884FA9A-2A79-48AB-938C-A34E8A8BCF3E} = {D93CAD63-3252-5A7F-9C37-FCA27F08B606}
		{239809C7-5679-4A85-AC76-254AB83C1DF0} = {D93CAD63-3252-5A7F-9C37-FCA27F08B606}
		{7B1997D7-7E82-4094-97FF-F267AB1E628E} = {D93CAD63-3252-5A7F-9C37-FCA27F08B606}
		{464B25D1-BF6F-4F52-B8C1-2F783A4865AE} = {D93CAD63-3252-5A7F-9C37-FCA27F08B606}
		{74BE5736-B441-4371-AB5B-F1C7A61341C2} = {D93CAD63-3252-5A7F-9C37-FCA27F08B606}
		{54B7ACB9-F2CD-4B30-ABA6-191C37E336A0} = {D93CAD63-3252-5A7F-9C37-FCA27F08B606}
		{F30FD499-8F88-4613-8B15-C06AA649881F} = {D93CAD63-3252-5A7F-9C37-FCA27F08B606}
		{220CFDCE-5B3B-49C7-A340-C19B7C28BF79} = {D93CAD63-3252-5A7F-9C37-FCA27F08B606}
		{D17190BB-8C0E-4CC3-8644-F0B120EDBD55} = {D93CAD63-3252-5A7F-9C37-FCA27F08B606}
		{6A489E6B-CD18-442D-A856-89DDE710B009} = {D93CAD63-3252-5A7F-9C37-FCA27F08B606}
		{E060A98E-50F0-45B0-AB5C-D33A90ADC1E6} = {D93CAD63-3252-5A7F-9C37-FCA27F08B606}
		{86B65707-7652-4ED0-8B0A-6C4907E8FF86} = {D93CAD63-3252-5A7F-9C37-FCA27F08B606}
		{686BA896-BD38-490A-88C1-A8D0B48D05E6} = {D93CAD63-3252-5A7F-9C37-FCA27F08B606}
		{A737F617-3916-4AC1-AEEE-69585FF89838} = {D93CAD63-3252-5A7F-9C37-FCA27F08B606}
		{A1B60C73-0FAC-43EF-93F9-4E6AD121F9D4} = {D93CAD63-3252-5A7F-9C37-FCA27F08B606}
		{335C2372-CB51-4569-B04D-CE8AFC8EC755} = {D93CAD63-3252-5A7F-9C37-FCA27F08B606}
		{59976F36-A8F0-425E-9620-FA78E68E145F} = {D93CAD63-3252-5A7F-9C37-FCA27F08B606}
		{3D4E6246-667E-4243-B2F3-B9CE12743B8D} = {D93CAD63-3252-5A7F-9C37-FCA27F08B606}
		{BBC09072-9D08-454F-90BF-FD754CD60B93} = {D93CAD63-3252-5A7F-9C37-FCA27F08B606}
		{43CF5F69-38A8-493E-960A-0877E248996F} = {D93CAD63-3252-5A7F-9C37-FCA27F08B606}
		{C7D0416E-9785-40A1-921D-C92A56A9848F} = {D93CAD63-3252-5A7F-9C37-FCA27F08B606}
		{1740D47D-DA94-6415-017E-48203BA1C52C} = {D1B4CF99-7947-DD6C-81D0-5B5B3989814C}
		{2A113076-21F0-4F11-A1CF-D0E4A1D14503} = {1740D47D-DA94-6415-017E-48203BA1C52C}
		{A7BA896C-1D7E-4336-BE50-032BF8E62D81} = {1740D47D-DA94-6415-017E-48203BA1C52C}
		{F964D761-6542-4A3C-8ADC-41F5B8F77529} = {1740D47D-DA94-6415-017E-48203BA1C52C}
		{148B26DF-05B6-44D6-890D-8AFBFAD9F7D9} = {1740D47D-DA94-6415-017E-48203BA1C52C}
		{6455B74A-6CB8-4DC3-9329-3D9CBB56173A} = {1740D47D-DA94-6415-017E-48203BA1C52C}
		{84AF37C1-52A8-4F3F-8F2C-E7394E789523} = {1740D47D-DA94-6415-017E-48203BA1C52C}
		{75110CC0-5A94-4491-BA7E-234ACC39106D} = {1740D47D-DA94-6415-017E-48203BA1C52C}
		{8F1471D6-CEFA-4B4F-84C5-FB4B5CB035BD} = {1740D47D-DA94-6415-017E-48203BA1C52C}
		{A57D4155-3F27-4BDA-900E-1A39B022BE00} = {1740D47D-DA94-6415-017E-48203BA1C52C}
		{86E04393-86E7-4BBF-A9EF-9433B91E4988} = {1740D47D-DA94-6415-017E-48203BA1C52C}
		{B9C9B2A4-562B-45BB-BD91-CE5027F41C3F} = {1740D47D-DA94-6415-017E-48203BA1C52C}
		{435B3E59-C5B2-412A-86DC-795F1E52C223} = {1740D47D-DA94-6415-017E-48203BA1C52C}
		{6E4E4453-36C8-42FC-9B8A-C8FEBCC6A643} = {1740D47D-DA94-6415-017E-48203BA1C52C}
		{CAD2DE5B-A359-4E51-8138-A02FDCA8E2A6} = {1740D47D-DA94-6415-017E-48203BA1C52C}
		{A3D2D2D1-413E-4367-B1D5-0AEEB1551240} = {1740D47D-DA94-6415-017E-48203BA1C52C}
		{03FA4F94-962D-4324-B71E-D36E638D13D7} = {1740D47D-DA94-6415-017E-48203BA1C52C}
		{197B01F2-1974-46A1-9C40-7303E405BFA7} = {1740D47D-DA94-6415-017E-48203BA1C52C}
		{0C0BBD9A-1AC7-4B54-B725-03535AE033F1} = {1740D47D-DA94-6415-017E-48203BA1C52C}
		{1093E8A9-77C3-43A0-ACA2-E0857EC19AED} = {1740D47D-DA94-6415-017E-48203BA1C52C}
		{FC2045E2-A48F-4389-9F72-90EDE8918FCC} = {1740D47D-DA94-6415-017E-48203BA1C52C}
		{9B3D5A8F-16CD-4644-A239-EC2519195C80} = {1740D47D-DA94-6415-017E-48203BA1C52C}
		{BB30719A-3461-493E-972F-F6CEF534163E} = {1740D47D-DA94-6415-017E-48203BA1C52C}
		{9ECB1F3B-3076-4C98-9ECA-6ACE8C8CAB2A} = {1740D47D-DA94-6415-017E-48203BA1C52C}
		{E6476EE0-71CA-4E5D-BE05-E57825E8AECB} = {1740D47D-DA94-6415-017E-48203BA1C52C}
		{984CD20C-0F0A-4458-A3ED-6CC9BE2A1DC8} = {1740D47D-DA94-6415-017E-48203BA1C52C}
		{20D9470B-F39E-4E67-A00D-9714D6E857DE} = {1740D47D-DA94-6415-017E-48203BA1C52C}
		{5D54DD79-59AA-4C85-8ECA-CAC59D86F251} = {1740D47D-DA94-6415-017E-48203BA1C52C}
		{F10A1DEA-545F-4C9F-AFA1-A115726BD415} = {1740D47D-DA94-6415-017E-48203BA1C52C}
		{0330D3D5-5A97-4F6D-AE22-993256ABDFEE} = {1740D47D-DA94-6415-017E-48203BA1C52C}
		{565FC442-5E49-42AD-AC33-14AD14E11961} = {1740D47D-DA94-6415-017E-48203BA1C52C}
		{F6BB74C6-971A-44D7-BC10-3B37B74DE264} = {1740D47D-DA94-6415-017E-48203BA1C52C}
		{8B54C3E2-5F8B-471B-83DF-26239DF1C5C8} = {1740D47D-DA94-6415-017E-48203BA1C52C}
		{1C8C9F58-A63E-4ED6-A185-F26F672EEDE0} = {1740D47D-DA94-6415-017E-48203BA1C52C}
		{46397A4D-287C-410E-BDE9-1F09D7E64EF0} = {1740D47D-DA94-6415-017E-48203BA1C52C}
		{12E352F9-40EE-4C12-BD9D-5B4ABDEB5487} = {D93CAD63-3252-5A7F-9C37-FCA27F08B606}
		{D6BDA325-9615-42F5-8D42-EEF27F9E7339} = {D93CAD63-3252-5A7F-9C37-FCA27F08B606}
	EndGlobalSection
EndGlobal
