<Solution>
  <Folder Name="/Solution Items/">
    <File Path="README.md"/>
    <File Path="REFERENCE.md"/>
    <File Path="RELEASE_NOTES.md"/>
    <File Path="TUTORIAL.md"/>
    <File Path=".editorconfig"/>
    <File Path=".gitignore"/>
    <File Path="LICENSE.md"/>
  </Folder>
  <Folder Name="/src/">
    <Project Path="src/Elmish.WPF/Elmish.WPF.fsproj"/>
  </Folder>
  <Folder Name="/src/Samples/"/>
  <Folder Name="/src/Samples/Dynamic/">
    <Project Path="src/Samples/Dynamic/Capabilities.Core/Capabilities.Core.fsproj"/>
    <Project Path="src/Samples/Dynamic/Capabilities/Capabilities.csproj"/>
    <Project Path="src/Samples/Dynamic/EventBindingsAndBehaviors.Core/EventBindingsAndBehaviors.Core.fsproj"/>
    <Project Path="src/Samples/Dynamic/EventBindingsAndBehaviors/EventBindingsAndBehaviors.csproj"/>
    <Project Path="src/Samples/Dynamic/FileDialogs.Core/FileDialogs.Core.fsproj"/>
    <Project Path="src/Samples/Dynamic/FileDialogs/FileDialogs.csproj"/>
    <Project Path="src/Samples/Dynamic/FileDialogsCmdMsg.Core/FileDialogsCmdMsg.Core.fsproj"/>
    <Project Path="src/Samples/Dynamic/FileDialogsCmdMsg/FileDialogsCmdMsg.csproj"/>
    <Project Path="src/Samples/Dynamic/Multiselect.Core/Multiselect.Core.fsproj"/>
    <Project Path="src/Samples/Dynamic/Multiselect/Multiselect.csproj"/>
    <Project Path="src/Samples/Dynamic/Navigation.Core/Navigation.Core.fsproj"/>
    <Project Path="src/Samples/Dynamic/Navigation/Navigation.csproj"/>
    <Project Path="src/Samples/Dynamic/NewWindow.Core/NewWindow.Core.fsproj"/>
    <Project Path="src/Samples/Dynamic/NewWindow/NewWindow.csproj"/>
    <Project Path="src/Samples/Dynamic/OneWaySeq.Core/OneWaySeq.Core.fsproj"/>
    <Project Path="src/Samples/Dynamic/OneWaySeq/OneWaySeq.csproj"/>
    <Project Path="src/Samples/Dynamic/SingleCounter.Core/SingleCounter.Core.fsproj"/>
    <Project Path="src/Samples/Dynamic/SingleCounter/SingleCounter.csproj"/>
    <Project Path="src/Samples/Dynamic/Sticky.Core/Sticky.Core.fsproj"/>
    <Project Path="src/Samples/Dynamic/Sticky/Sticky.csproj"/>
    <Project Path="src/Samples/Dynamic/SubModel.Core/SubModel.Core.fsproj"/>
    <Project Path="src/Samples/Dynamic/SubModel/SubModel.csproj"/>
    <Project Path="src/Samples/Dynamic/SubModelOpt.Core/SubModelOpt.Core.fsproj"/>
    <Project Path="src/Samples/Dynamic/SubModelOpt/SubModelOpt.csproj"/>
    <Project Path="src/Samples/Dynamic/SubModelSelectedItem.Core/SubModelSelectedItem.Core.fsproj"/>
    <Project Path="src/Samples/Dynamic/SubModelSelectedItem/SubModelSelectedItem.csproj"/>
    <Project Path="src/Samples/Dynamic/SubModelSeq.Core/SubModelSeq.Core.fsproj"/>
    <Project Path="src/Samples/Dynamic/SubModelSeq/SubModelSeq.csproj"/>
    <Project Path="src/Samples/Dynamic/Threading.Core/Threading.Core.fsproj"/>
    <Project Path="src/Samples/Dynamic/Threading/Threading.csproj"/>
    <Project Path="src/Samples/Dynamic/UiBoundCmdParam.Core/UiBoundCmdParam.Core.fsproj"/>
    <Project Path="src/Samples/Dynamic/UiBoundCmdParam/UiBoundCmdParam.csproj"/>
    <Project Path="src/Samples/Dynamic/Validation.Core/Validation.Core.fsproj"/>
    <Project Path="src/Samples/Dynamic/Validation/Validation.csproj"/>
  </Folder>
  <Folder Name="/src/Samples/Typed/">
    <Project Path="src/Samples/Typed/Capabilities.Core/Capabilities.Core.fsproj"/>
    <Project Path="src/Samples/Typed/Capabilities/Capabilities.csproj"/>
    <Project Path="src/Samples/Typed/EventBindingsAndBehaviors.Core/EventBindingsAndBehaviors.Core.fsproj"/>
    <Project Path="src/Samples/Typed/EventBindingsAndBehaviors/EventBindingsAndBehaviors.csproj"/>
    <Project Path="src/Samples/Typed/FileDialogs.Core/FileDialogs.Core.fsproj"/>
    <Project Path="src/Samples/Typed/FileDialogs/FileDialogs.csproj"/>
    <Project Path="src/Samples/Typed/FileDialogsCmdMsg.Core/FileDialogsCmdMsg.Core.fsproj"/>
    <Project Path="src/Samples/Typed/FileDialogsCmdMsg/FileDialogsCmdMsg.csproj"/>
    <Project Path="src/Samples/Typed/Multiselect.Core/Multiselect.Core.fsproj"/>
    <Project Path="src/Samples/Typed/Multiselect/Multiselect.csproj"/>
    <Project Path="src/Samples/Typed/Navigation.Core/Navigation.Core.fsproj"/>
    <Project Path="src/Samples/Typed/Navigation/Navigation.csproj"/>
    <Project Path="src/Samples/Typed/NewWindow.Core/NewWindow.Core.fsproj"/>
    <Project Path="src/Samples/Typed/NewWindow/NewWindow.csproj"/>
    <Project Path="src/Samples/Typed/OneWaySeq.Core/OneWaySeq.Core.fsproj"/>
    <Project Path="src/Samples/Typed/OneWaySeq/OneWaySeq.csproj"/>
    <Project Path="src/Samples/Typed/SingleCounter.Core/SingleCounter.Core.fsproj"/>
    <Project Path="src/Samples/Typed/SingleCounter/SingleCounter.csproj"/>
    <Project Path="src/Samples/Typed/Sticky.Core/Sticky.Core.fsproj"/>
    <Project Path="src/Samples/Typed/Sticky/Sticky.csproj"/>
    <Project Path="src/Samples/Typed/SubModelOpt.Core/SubModelOpt.Core.fsproj"/>
    <Project Path="src/Samples/Typed/SubModelOpt/SubModelOpt.csproj"/>
    <Project Path="src/Samples/Typed/SubModelSelectedItem.Core/SubModelSelectedItem.Core.fsproj"/>
    <Project Path="src/Samples/Typed/SubModelSelectedItem/SubModelSelectedItem.csproj"/>
    <Project Path="src/Samples/Typed/SubModelSeq.Core/SubModelSeq.Core.fsproj"/>
    <Project Path="src/Samples/Typed/SubModelSeq/SubModelSeq.csproj"/>
    <Project Path="src/Samples/Typed/SubModelStatic.Core/SubModelStatic.Core.fsproj"/>
    <Project Path="src/Samples/Typed/SubModelStatic/SubModelStatic.csproj"/>
    <Project Path="src/Samples/Typed/Threading.Core/Threading.Core.fsproj"/>
    <Project Path="src/Samples/Typed/Threading/Threading.csproj"/>
    <Project Path="src/Samples/Typed/UiBoundCmdParam.Core/UiBoundCmdParam.Core.fsproj"/>
    <Project Path="src/Samples/Typed/UiBoundCmdParam/UiBoundCmdParam.csproj"/>
    <Project Path="src/Samples/Typed/Validation.Core/Validation.Core.fsproj"/>
    <Project Path="src/Samples/Typed/Validation/Validation.csproj"/>
  </Folder>
  <Folder Name="/tests/">
    <Project Path="tests/Elmish.WPF.Benchmarks/Elmish.WPF.Benchmarks.fsproj"/>
    <Project Path="tests/Elmish.WPF.Tests/Elmish.WPF.Tests.fsproj"/>
  </Folder>
</Solution>