
Microsoft Visual Studio Solution File, Format Version 12.00
# Visual Studio 14
VisualStudioVersion = 14.0.25420.1
MinimumVisualStudioVersion = 10.0.40219.1
Project("{FAE04EC0-301F-11D3-BF4B-00C04F79EFBC}") = "Elmish.CounterViews", "Elmish.CounterViews\Elmish.CounterViews.csproj", "{C25B6732-5F3E-4EC7-9524-883D6C97788B}"
EndProject
Project("{F2A71F9B-5D33-465A-A702-920D77279786}") = "Elmish.WPF", "Elmish.WPF\Elmish.WPF.fsproj", "{62F04666-3F3E-49C6-B7BE-AFC1B64DA81B}"
EndProject
Project("{F2A71F9B-5D33-465A-A702-920D77279786}") = "Elmish.Counter", "Elmish.Counter\Elmish.Counter.fsproj", "{1405CCD7-4423-445A-992A-E44F212C2805}"
EndProject
Global
	GlobalSection(SolutionConfigurationPlatforms) = preSolution
		Debug|Any CPU = Debug|Any CPU
		Debug|x86 = Debug|x86
		Release|Any CPU = Release|Any CPU
		Release|x86 = Release|x86
	EndGlobalSection
	GlobalSection(ProjectConfigurationPlatforms) = postSolution
		{C25B6732-5F3E-4EC7-9524-883D6C97788B}.Debug|Any CPU.ActiveCfg = Debug|Any CPU
		{C25B6732-5F3E-4EC7-9524-883D6C97788B}.Debug|Any CPU.Build.0 = Debug|Any CPU
		{C25B6732-5F3E-4EC7-9524-883D6C97788B}.Debug|x86.ActiveCfg = Debug|Any CPU
		{C25B6732-5F3E-4EC7-9524-883D6C97788B}.Debug|x86.Build.0 = Debug|Any CPU
		{C25B6732-5F3E-4EC7-9524-883D6C97788B}.Release|Any CPU.ActiveCfg = Release|Any CPU
		{C25B6732-5F3E-4EC7-9524-883D6C97788B}.Release|Any CPU.Build.0 = Release|Any CPU
		{C25B6732-5F3E-4EC7-9524-883D6C97788B}.Release|x86.ActiveCfg = Release|Any CPU
		{C25B6732-5F3E-4EC7-9524-883D6C97788B}.Release|x86.Build.0 = Release|Any CPU
		{62F04666-3F3E-49C6-B7BE-AFC1B64DA81B}.Debug|Any CPU.ActiveCfg = Debug|Any CPU
		{62F04666-3F3E-49C6-B7BE-AFC1B64DA81B}.Debug|Any CPU.Build.0 = Debug|Any CPU
		{62F04666-3F3E-49C6-B7BE-AFC1B64DA81B}.Debug|x86.ActiveCfg = Debug|Any CPU
		{62F04666-3F3E-49C6-B7BE-AFC1B64DA81B}.Debug|x86.Build.0 = Debug|Any CPU
		{62F04666-3F3E-49C6-B7BE-AFC1B64DA81B}.Release|Any CPU.ActiveCfg = Release|Any CPU
		{62F04666-3F3E-49C6-B7BE-AFC1B64DA81B}.Release|Any CPU.Build.0 = Release|Any CPU
		{62F04666-3F3E-49C6-B7BE-AFC1B64DA81B}.Release|x86.ActiveCfg = Release|Any CPU
		{62F04666-3F3E-49C6-B7BE-AFC1B64DA81B}.Release|x86.Build.0 = Release|Any CPU
		{1405CCD7-4423-445A-992A-E44F212C2805}.Debug|Any CPU.ActiveCfg = Debug|Any CPU
		{1405CCD7-4423-445A-992A-E44F212C2805}.Debug|Any CPU.Build.0 = Debug|Any CPU
		{1405CCD7-4423-445A-992A-E44F212C2805}.Debug|x86.ActiveCfg = Debug|Any CPU
		{1405CCD7-4423-445A-992A-E44F212C2805}.Debug|x86.Build.0 = Debug|Any CPU
		{1405CCD7-4423-445A-992A-E44F212C2805}.Release|Any CPU.ActiveCfg = Release|Any CPU
		{1405CCD7-4423-445A-992A-E44F212C2805}.Release|Any CPU.Build.0 = Release|Any CPU
		{1405CCD7-4423-445A-992A-E44F212C2805}.Release|x86.ActiveCfg = Release|Any CPU
		{1405CCD7-4423-445A-992A-E44F212C2805}.Release|x86.Build.0 = Release|Any CPU
	EndGlobalSection
	GlobalSection(SolutionProperties) = preSolution
		HideSolutionNode = FALSE
	EndGlobalSection
EndGlobal
