
Microsoft Visual Studio Solution File, Format Version 12.00
# Visual Studio Version 16
VisualStudioVersion = 16.0.28803.352
MinimumVisualStudioVersion = 10.0.40219.1
Project("{6EC3EE1D-3C4E-46DD-8F32-0CC8E7565705}") = "Elmish.WPF", "Elmish.WPF\Elmish.WPF.fsproj", "{8C6E8D34-7205-4C57-9722-87E30E4FC5CE}"
EndProject
Project("{6EC3EE1D-3C4E-46DD-8F32-0CC8E7565705}") = "SingleCounter", "Samples\SingleCounter\SingleCounter.fsproj", "{2DBB8062-2843-43A0-B73C-4777A30BD4FF}"
EndProject
Project("{2150E333-8FDC-42A3-9474-1A3956D46DE8}") = "Samples", "Samples", "{BBAFEB1E-93C0-4C7E-8E0A-026BB05C88EC}"
EndProject
Project("{9A19103F-16F7-4668-BE54-9A1E7A4F7556}") = "SingleCounter.Views", "Samples\SingleCounter.Views\SingleCounter.Views.csproj", "{55F79BA4-8265-4612-8354-D04F91BF9B03}"
EndProject
Project("{6EC3EE1D-3C4E-46DD-8F32-0CC8E7565705}") = "UiBoundCmdParam", "Samples\UiBoundCmdParam\UiBoundCmdParam.fsproj", "{9581A1DE-70A6-4AC2-AF65-FD6E95F3A983}"
EndProject
Project("{9A19103F-16F7-4668-BE54-9A1E7A4F7556}") = "UiBoundCmdParam.Views", "Samples\UiBoundCmdParam.Views\UiBoundCmdParam.Views.csproj", "{574786BE-3A84-4A0F-99DE-0FB10ED4161F}"
EndProject
Project("{6EC3EE1D-3C4E-46DD-8F32-0CC8E7565705}") = "Validation", "Samples\Validation\Validation.fsproj", "{69DED389-B4BB-4295-926D-1DFFB8995628}"
EndProject
Project("{9A19103F-16F7-4668-BE54-9A1E7A4F7556}") = "Validation.Views", "Samples\Validation.Views\Validation.Views.csproj", "{4BD0B0AF-C522-43F9-92BF-FB6205A9E2F6}"
EndProject
Project("{6EC3EE1D-3C4E-46DD-8F32-0CC8E7565705}") = "SubModel", "Samples\SubModel\SubModel.fsproj", "{EA0640D2-D64B-4AE6-8876-5E33C53BD50E}"
EndProject
Project("{9A19103F-16F7-4668-BE54-9A1E7A4F7556}") = "SubModel.Views", "Samples\SubModel.Views\SubModel.Views.csproj", "{A15C50F5-B4CF-45D3-A35B-DD385AEC5BB7}"
EndProject
Project("{9A19103F-16F7-4668-BE54-9A1E7A4F7556}") = "OneWaySeq.Views", "Samples\OneWaySeq.Views\OneWaySeq.Views.csproj", "{4A7B4B16-0FC3-4338-BE43-497F63818749}"
EndProject
Project("{6EC3EE1D-3C4E-46DD-8F32-0CC8E7565705}") = "OneWaySeq", "Samples\OneWaySeq\OneWaySeq.fsproj", "{E97A831B-0525-4248-8143-4E1114612071}"
EndProject
Project("{6EC3EE1D-3C4E-46DD-8F32-0CC8E7565705}") = "SubModelOpt", "Samples\SubModelOpt\SubModelOpt.fsproj", "{47ADE238-C32B-4F19-9028-68EB8E09927C}"
EndProject
Project("{9A19103F-16F7-4668-BE54-9A1E7A4F7556}") = "SubModelOpt.Views", "Samples\SubModelOpt.Views\SubModelOpt.Views.csproj", "{EB80831A-431C-4CEC-AC41-8E5163E4B857}"
EndProject
Project("{6EC3EE1D-3C4E-46DD-8F32-0CC8E7565705}") = "Elmish.WPF.Tests", "Elmish.WPF.Tests\Elmish.WPF.Tests.fsproj", "{54DFF909-F5DF-48A9-B57D-E57B0EE743FF}"
EndProject
Project("{6EC3EE1D-3C4E-46DD-8F32-0CC8E7565705}") = "NewWindow", "Samples\NewWindow\NewWindow.fsproj", "{9D01D459-4EAA-446E-BC2E-F5F66D29833A}"
EndProject
Project("{9A19103F-16F7-4668-BE54-9A1E7A4F7556}") = "NewWindow.Views", "Samples\NewWindow.Views\NewWindow.Views.csproj", "{7595D7F1-5B28-415F-97C2-470A375E3BCC}"
EndProject
Project("{9A19103F-16F7-4668-BE54-9A1E7A4F7556}") = "SubModelSeq.Views", "Samples\SubModelSeq.Views\SubModelSeq.Views.csproj", "{DFAFDCF3-83E0-4440-AD8C-E45878C80F64}"
EndProject
Project("{6EC3EE1D-3C4E-46DD-8F32-0CC8E7565705}") = "SubModelSeq", "Samples\SubModelSeq\SubModelSeq.fsproj", "{2946EBC5-5937-45EE-8F19-7AF0792B5A5B}"
EndProject
Project("{9A19103F-16F7-4668-BE54-9A1E7A4F7556}") = "SubModelSelectedItem.Views", "Samples\SubModelSelectedItem.Views\SubModelSelectedItem.Views.csproj", "{6023315A-BC97-4C4A-930E-D6D01E1DC549}"
EndProject
Project("{6EC3EE1D-3C4E-46DD-8F32-0CC8E7565705}") = "SubModelSelectedItem", "Samples\SubModelSelectedItem\SubModelSelectedItem.fsproj", "{5B2B78EA-DA5C-406B-97C2-2964E557E2DB}"
EndProject
Project("{9A19103F-16F7-4668-BE54-9A1E7A4F7556}") = "EventBindingsAndBehaviors.Views", "Samples\EventBindingsAndBehaviors.Views\EventBindingsAndBehaviors.Views.csproj", "{A4D16DF7-7BA8-4833-8F06-1D151CC81DC2}"
EndProject
Project("{6EC3EE1D-3C4E-46DD-8F32-0CC8E7565705}") = "EventBindingsAndBehaviors", "Samples\EventBindingsAndBehaviors\EventBindingsAndBehaviors.fsproj", "{35149AA6-9132-4D6F-B4BF-272D70CD81C5}"
EndProject
Project("{9A19103F-16F7-4668-BE54-9A1E7A4F7556}") = "FileDialogs.Views", "Samples\FileDialogs.Views\FileDialogs.Views.csproj", "{E084B944-E21D-45A5-A1AE-C5A6A641CE92}"
EndProject
Project("{6EC3EE1D-3C4E-46DD-8F32-0CC8E7565705}") = "FileDialogs", "Samples\FileDialogs\FileDialogs.fsproj", "{36A4AEAF-8282-47EC-B751-BB3D16AB1A20}"
EndProject
Project("{9A19103F-16F7-4668-BE54-9A1E7A4F7556}") = "FileDialogs.CmdMsg.Views", "Samples\FileDialogs.CmdMsg.Views\FileDialogs.CmdMsg.Views.csproj", "{F66F6E21-357E-4CE8-9807-042C5171AB06}"
EndProject
Project("{6EC3EE1D-3C4E-46DD-8F32-0CC8E7565705}") = "FileDialogs.CmdMsg", "Samples\FileDialogs.CmdMsg\FileDialogs.CmdMsg.fsproj", "{F095E7E4-28ED-4223-A92F-4E86922E34EF}"
EndProject
Global
	GlobalSection(SolutionConfigurationPlatforms) = preSolution
		Debug|Any CPU = Debug|Any CPU
		Release|Any CPU = Release|Any CPU
	EndGlobalSection
	GlobalSection(ProjectConfigurationPlatforms) = postSolution
		{8C6E8D34-7205-4C57-9722-87E30E4FC5CE}.Debug|Any CPU.ActiveCfg = Debug|Any CPU
		{8C6E8D34-7205-4C57-9722-87E30E4FC5CE}.Debug|Any CPU.Build.0 = Debug|Any CPU
		{8C6E8D34-7205-4C57-9722-87E30E4FC5CE}.Release|Any CPU.ActiveCfg = Release|Any CPU
		{8C6E8D34-7205-4C57-9722-87E30E4FC5CE}.Release|Any CPU.Build.0 = Release|Any CPU
		{2DBB8062-2843-43A0-B73C-4777A30BD4FF}.Debug|Any CPU.ActiveCfg = Debug|Any CPU
		{2DBB8062-2843-43A0-B73C-4777A30BD4FF}.Debug|Any CPU.Build.0 = Debug|Any CPU
		{2DBB8062-2843-43A0-B73C-4777A30BD4FF}.Release|Any CPU.ActiveCfg = Release|Any CPU
		{2DBB8062-2843-43A0-B73C-4777A30BD4FF}.Release|Any CPU.Build.0 = Release|Any CPU
		{55F79BA4-8265-4612-8354-D04F91BF9B03}.Debug|Any CPU.ActiveCfg = Debug|Any CPU
		{55F79BA4-8265-4612-8354-D04F91BF9B03}.Debug|Any CPU.Build.0 = Debug|Any CPU
		{55F79BA4-8265-4612-8354-D04F91BF9B03}.Release|Any CPU.ActiveCfg = Release|Any CPU
		{55F79BA4-8265-4612-8354-D04F91BF9B03}.Release|Any CPU.Build.0 = Release|Any CPU
		{9581A1DE-70A6-4AC2-AF65-FD6E95F3A983}.Debug|Any CPU.ActiveCfg = Debug|Any CPU
		{9581A1DE-70A6-4AC2-AF65-FD6E95F3A983}.Debug|Any CPU.Build.0 = Debug|Any CPU
		{9581A1DE-70A6-4AC2-AF65-FD6E95F3A983}.Release|Any CPU.ActiveCfg = Release|Any CPU
		{9581A1DE-70A6-4AC2-AF65-FD6E95F3A983}.Release|Any CPU.Build.0 = Release|Any CPU
		{574786BE-3A84-4A0F-99DE-0FB10ED4161F}.Debug|Any CPU.ActiveCfg = Debug|Any CPU
		{574786BE-3A84-4A0F-99DE-0FB10ED4161F}.Debug|Any CPU.Build.0 = Debug|Any CPU
		{574786BE-3A84-4A0F-99DE-0FB10ED4161F}.Release|Any CPU.ActiveCfg = Release|Any CPU
		{574786BE-3A84-4A0F-99DE-0FB10ED4161F}.Release|Any CPU.Build.0 = Release|Any CPU
		{69DED389-B4BB-4295-926D-1DFFB8995628}.Debug|Any CPU.ActiveCfg = Debug|Any CPU
		{69DED389-B4BB-4295-926D-1DFFB8995628}.Debug|Any CPU.Build.0 = Debug|Any CPU
		{69DED389-B4BB-4295-926D-1DFFB8995628}.Release|Any CPU.ActiveCfg = Release|Any CPU
		{69DED389-B4BB-4295-926D-1DFFB8995628}.Release|Any CPU.Build.0 = Release|Any CPU
		{4BD0B0AF-C522-43F9-92BF-FB6205A9E2F6}.Debug|Any CPU.ActiveCfg = Debug|Any CPU
		{4BD0B0AF-C522-43F9-92BF-FB6205A9E2F6}.Debug|Any CPU.Build.0 = Debug|Any CPU
		{4BD0B0AF-C522-43F9-92BF-FB6205A9E2F6}.Release|Any CPU.ActiveCfg = Release|Any CPU
		{4BD0B0AF-C522-43F9-92BF-FB6205A9E2F6}.Release|Any CPU.Build.0 = Release|Any CPU
		{EA0640D2-D64B-4AE6-8876-5E33C53BD50E}.Debug|Any CPU.ActiveCfg = Debug|Any CPU
		{EA0640D2-D64B-4AE6-8876-5E33C53BD50E}.Debug|Any CPU.Build.0 = Debug|Any CPU
		{EA0640D2-D64B-4AE6-8876-5E33C53BD50E}.Release|Any CPU.ActiveCfg = Release|Any CPU
		{EA0640D2-D64B-4AE6-8876-5E33C53BD50E}.Release|Any CPU.Build.0 = Release|Any CPU
		{A15C50F5-B4CF-45D3-A35B-DD385AEC5BB7}.Debug|Any CPU.ActiveCfg = Debug|Any CPU
		{A15C50F5-B4CF-45D3-A35B-DD385AEC5BB7}.Debug|Any CPU.Build.0 = Debug|Any CPU
		{A15C50F5-B4CF-45D3-A35B-DD385AEC5BB7}.Release|Any CPU.ActiveCfg = Release|Any CPU
		{A15C50F5-B4CF-45D3-A35B-DD385AEC5BB7}.Release|Any CPU.Build.0 = Release|Any CPU
		{4A7B4B16-0FC3-4338-BE43-497F63818749}.Debug|Any CPU.ActiveCfg = Debug|Any CPU
		{4A7B4B16-0FC3-4338-BE43-497F63818749}.Debug|Any CPU.Build.0 = Debug|Any CPU
		{4A7B4B16-0FC3-4338-BE43-497F63818749}.Release|Any CPU.ActiveCfg = Release|Any CPU
		{4A7B4B16-0FC3-4338-BE43-497F63818749}.Release|Any CPU.Build.0 = Release|Any CPU
		{E97A831B-0525-4248-8143-4E1114612071}.Debug|Any CPU.ActiveCfg = Debug|Any CPU
		{E97A831B-0525-4248-8143-4E1114612071}.Debug|Any CPU.Build.0 = Debug|Any CPU
		{E97A831B-0525-4248-8143-4E1114612071}.Release|Any CPU.ActiveCfg = Release|Any CPU
		{E97A831B-0525-4248-8143-4E1114612071}.Release|Any CPU.Build.0 = Release|Any CPU
		{47ADE238-C32B-4F19-9028-68EB8E09927C}.Debug|Any CPU.ActiveCfg = Debug|Any CPU
		{47ADE238-C32B-4F19-9028-68EB8E09927C}.Debug|Any CPU.Build.0 = Debug|Any CPU
		{47ADE238-C32B-4F19-9028-68EB8E09927C}.Release|Any CPU.ActiveCfg = Release|Any CPU
		{47ADE238-C32B-4F19-9028-68EB8E09927C}.Release|Any CPU.Build.0 = Release|Any CPU
		{EB80831A-431C-4CEC-AC41-8E5163E4B857}.Debug|Any CPU.ActiveCfg = Debug|Any CPU
		{EB80831A-431C-4CEC-AC41-8E5163E4B857}.Debug|Any CPU.Build.0 = Debug|Any CPU
		{EB80831A-431C-4CEC-AC41-8E5163E4B857}.Release|Any CPU.ActiveCfg = Release|Any CPU
		{EB80831A-431C-4CEC-AC41-8E5163E4B857}.Release|Any CPU.Build.0 = Release|Any CPU
		{54DFF909-F5DF-48A9-B57D-E57B0EE743FF}.Debug|Any CPU.ActiveCfg = Debug|Any CPU
		{54DFF909-F5DF-48A9-B57D-E57B0EE743FF}.Debug|Any CPU.Build.0 = Debug|Any CPU
		{54DFF909-F5DF-48A9-B57D-E57B0EE743FF}.Release|Any CPU.ActiveCfg = Release|Any CPU
		{54DFF909-F5DF-48A9-B57D-E57B0EE743FF}.Release|Any CPU.Build.0 = Release|Any CPU
		{9D01D459-4EAA-446E-BC2E-F5F66D29833A}.Debug|Any CPU.ActiveCfg = Debug|Any CPU
		{9D01D459-4EAA-446E-BC2E-F5F66D29833A}.Debug|Any CPU.Build.0 = Debug|Any CPU
		{9D01D459-4EAA-446E-BC2E-F5F66D29833A}.Release|Any CPU.ActiveCfg = Release|Any CPU
		{9D01D459-4EAA-446E-BC2E-F5F66D29833A}.Release|Any CPU.Build.0 = Release|Any CPU
		{7595D7F1-5B28-415F-97C2-470A375E3BCC}.Debug|Any CPU.ActiveCfg = Debug|Any CPU
		{7595D7F1-5B28-415F-97C2-470A375E3BCC}.Debug|Any CPU.Build.0 = Debug|Any CPU
		{7595D7F1-5B28-415F-97C2-470A375E3BCC}.Release|Any CPU.ActiveCfg = Release|Any CPU
		{7595D7F1-5B28-415F-97C2-470A375E3BCC}.Release|Any CPU.Build.0 = Release|Any CPU
		{DFAFDCF3-83E0-4440-AD8C-E45878C80F64}.Debug|Any CPU.ActiveCfg = Debug|Any CPU
		{DFAFDCF3-83E0-4440-AD8C-E45878C80F64}.Debug|Any CPU.Build.0 = Debug|Any CPU
		{DFAFDCF3-83E0-4440-AD8C-E45878C80F64}.Release|Any CPU.ActiveCfg = Release|Any CPU
		{DFAFDCF3-83E0-4440-AD8C-E45878C80F64}.Release|Any CPU.Build.0 = Release|Any CPU
		{2946EBC5-5937-45EE-8F19-7AF0792B5A5B}.Debug|Any CPU.ActiveCfg = Debug|Any CPU
		{2946EBC5-5937-45EE-8F19-7AF0792B5A5B}.Debug|Any CPU.Build.0 = Debug|Any CPU
		{2946EBC5-5937-45EE-8F19-7AF0792B5A5B}.Release|Any CPU.ActiveCfg = Release|Any CPU
		{2946EBC5-5937-45EE-8F19-7AF0792B5A5B}.Release|Any CPU.Build.0 = Release|Any CPU
		{6023315A-BC97-4C4A-930E-D6D01E1DC549}.Debug|Any CPU.ActiveCfg = Debug|Any CPU
		{6023315A-BC97-4C4A-930E-D6D01E1DC549}.Debug|Any CPU.Build.0 = Debug|Any CPU
		{6023315A-BC97-4C4A-930E-D6D01E1DC549}.Release|Any CPU.ActiveCfg = Release|Any CPU
		{6023315A-BC97-4C4A-930E-D6D01E1DC549}.Release|Any CPU.Build.0 = Release|Any CPU
		{5B2B78EA-DA5C-406B-97C2-2964E557E2DB}.Debug|Any CPU.ActiveCfg = Debug|Any CPU
		{5B2B78EA-DA5C-406B-97C2-2964E557E2DB}.Debug|Any CPU.Build.0 = Debug|Any CPU
		{5B2B78EA-DA5C-406B-97C2-2964E557E2DB}.Release|Any CPU.ActiveCfg = Release|Any CPU
		{5B2B78EA-DA5C-406B-97C2-2964E557E2DB}.Release|Any CPU.Build.0 = Release|Any CPU
		{A4D16DF7-7BA8-4833-8F06-1D151CC81DC2}.Debug|Any CPU.ActiveCfg = Debug|Any CPU
		{A4D16DF7-7BA8-4833-8F06-1D151CC81DC2}.Debug|Any CPU.Build.0 = Debug|Any CPU
		{A4D16DF7-7BA8-4833-8F06-1D151CC81DC2}.Release|Any CPU.ActiveCfg = Release|Any CPU
		{A4D16DF7-7BA8-4833-8F06-1D151CC81DC2}.Release|Any CPU.Build.0 = Release|Any CPU
		{35149AA6-9132-4D6F-B4BF-272D70CD81C5}.Debug|Any CPU.ActiveCfg = Debug|Any CPU
		{35149AA6-9132-4D6F-B4BF-272D70CD81C5}.Debug|Any CPU.Build.0 = Debug|Any CPU
		{35149AA6-9132-4D6F-B4BF-272D70CD81C5}.Release|Any CPU.ActiveCfg = Release|Any CPU
		{35149AA6-9132-4D6F-B4BF-272D70CD81C5}.Release|Any CPU.Build.0 = Release|Any CPU
		{E084B944-E21D-45A5-A1AE-C5A6A641CE92}.Debug|Any CPU.ActiveCfg = Debug|Any CPU
		{E084B944-E21D-45A5-A1AE-C5A6A641CE92}.Debug|Any CPU.Build.0 = Debug|Any CPU
		{E084B944-E21D-45A5-A1AE-C5A6A641CE92}.Release|Any CPU.ActiveCfg = Release|Any CPU
		{E084B944-E21D-45A5-A1AE-C5A6A641CE92}.Release|Any CPU.Build.0 = Release|Any CPU
		{36A4AEAF-8282-47EC-B751-BB3D16AB1A20}.Debug|Any CPU.ActiveCfg = Debug|Any CPU
		{36A4AEAF-8282-47EC-B751-BB3D16AB1A20}.Debug|Any CPU.Build.0 = Debug|Any CPU
		{36A4AEAF-8282-47EC-B751-BB3D16AB1A20}.Release|Any CPU.ActiveCfg = Release|Any CPU
		{36A4AEAF-8282-47EC-B751-BB3D16AB1A20}.Release|Any CPU.Build.0 = Release|Any CPU
		{F66F6E21-357E-4CE8-9807-042C5171AB06}.Debug|Any CPU.ActiveCfg = Debug|Any CPU
		{F66F6E21-357E-4CE8-9807-042C5171AB06}.Debug|Any CPU.Build.0 = Debug|Any CPU
		{F66F6E21-357E-4CE8-9807-042C5171AB06}.Release|Any CPU.ActiveCfg = Release|Any CPU
		{F66F6E21-357E-4CE8-9807-042C5171AB06}.Release|Any CPU.Build.0 = Release|Any CPU
		{F095E7E4-28ED-4223-A92F-4E86922E34EF}.Debug|Any CPU.ActiveCfg = Debug|Any CPU
		{F095E7E4-28ED-4223-A92F-4E86922E34EF}.Debug|Any CPU.Build.0 = Debug|Any CPU
		{F095E7E4-28ED-4223-A92F-4E86922E34EF}.Release|Any CPU.ActiveCfg = Release|Any CPU
		{F095E7E4-28ED-4223-A92F-4E86922E34EF}.Release|Any CPU.Build.0 = Release|Any CPU
	EndGlobalSection
	GlobalSection(SolutionProperties) = preSolution
		HideSolutionNode = FALSE
	EndGlobalSection
	GlobalSection(NestedProjects) = preSolution
		{2DBB8062-2843-43A0-B73C-4777A30BD4FF} = {BBAFEB1E-93C0-4C7E-8E0A-026BB05C88EC}
		{55F79BA4-8265-4612-8354-D04F91BF9B03} = {BBAFEB1E-93C0-4C7E-8E0A-026BB05C88EC}
		{9581A1DE-70A6-4AC2-AF65-FD6E95F3A983} = {BBAFEB1E-93C0-4C7E-8E0A-026BB05C88EC}
		{574786BE-3A84-4A0F-99DE-0FB10ED4161F} = {BBAFEB1E-93C0-4C7E-8E0A-026BB05C88EC}
		{69DED389-B4BB-4295-926D-1DFFB8995628} = {BBAFEB1E-93C0-4C7E-8E0A-026BB05C88EC}
		{4BD0B0AF-C522-43F9-92BF-FB6205A9E2F6} = {BBAFEB1E-93C0-4C7E-8E0A-026BB05C88EC}
		{EA0640D2-D64B-4AE6-8876-5E33C53BD50E} = {BBAFEB1E-93C0-4C7E-8E0A-026BB05C88EC}
		{A15C50F5-B4CF-45D3-A35B-DD385AEC5BB7} = {BBAFEB1E-93C0-4C7E-8E0A-026BB05C88EC}
		{4A7B4B16-0FC3-4338-BE43-497F63818749} = {BBAFEB1E-93C0-4C7E-8E0A-026BB05C88EC}
		{E97A831B-0525-4248-8143-4E1114612071} = {BBAFEB1E-93C0-4C7E-8E0A-026BB05C88EC}
		{47ADE238-C32B-4F19-9028-68EB8E09927C} = {BBAFEB1E-93C0-4C7E-8E0A-026BB05C88EC}
		{EB80831A-431C-4CEC-AC41-8E5163E4B857} = {BBAFEB1E-93C0-4C7E-8E0A-026BB05C88EC}
		{9D01D459-4EAA-446E-BC2E-F5F66D29833A} = {BBAFEB1E-93C0-4C7E-8E0A-026BB05C88EC}
		{7595D7F1-5B28-415F-97C2-470A375E3BCC} = {BBAFEB1E-93C0-4C7E-8E0A-026BB05C88EC}
		{DFAFDCF3-83E0-4440-AD8C-E45878C80F64} = {BBAFEB1E-93C0-4C7E-8E0A-026BB05C88EC}
		{2946EBC5-5937-45EE-8F19-7AF0792B5A5B} = {BBAFEB1E-93C0-4C7E-8E0A-026BB05C88EC}
		{6023315A-BC97-4C4A-930E-D6D01E1DC549} = {BBAFEB1E-93C0-4C7E-8E0A-026BB05C88EC}
		{5B2B78EA-DA5C-406B-97C2-2964E557E2DB} = {BBAFEB1E-93C0-4C7E-8E0A-026BB05C88EC}
		{A4D16DF7-7BA8-4833-8F06-1D151CC81DC2} = {BBAFEB1E-93C0-4C7E-8E0A-026BB05C88EC}
		{35149AA6-9132-4D6F-B4BF-272D70CD81C5} = {BBAFEB1E-93C0-4C7E-8E0A-026BB05C88EC}
		{E084B944-E21D-45A5-A1AE-C5A6A641CE92} = {BBAFEB1E-93C0-4C7E-8E0A-026BB05C88EC}
		{36A4AEAF-8282-47EC-B751-BB3D16AB1A20} = {BBAFEB1E-93C0-4C7E-8E0A-026BB05C88EC}
		{F66F6E21-357E-4CE8-9807-042C5171AB06} = {BBAFEB1E-93C0-4C7E-8E0A-026BB05C88EC}
		{F095E7E4-28ED-4223-A92F-4E86922E34EF} = {BBAFEB1E-93C0-4C7E-8E0A-026BB05C88EC}
	EndGlobalSection
	GlobalSection(ExtensibilityGlobals) = postSolution
		SolutionGuid = {3125D461-08F4-4071-AAE5-1038EF84A360}
	EndGlobalSection
EndGlobal
